// !$*UTF8*$!
{
	archiveVersion = 1;
	classes = {
	};
	objectVersion = 46;
	objects = {

/* Begin PBXBuildFile section */
		4861C00F190B668700FEB3B8 /* MBGithubOAuthClient.m in Sources */ = {isa = PBXBuildFile; fileRef = 4861C00E190B668700FEB3B8 /* MBGithubOAuthClient.m */; };
		48EC10301909DFE7000B6B64 /* Foundation.framework in Frameworks */ = {isa = PBXBuildFile; fileRef = 48EC102F1909DFE7000B6B64 /* Foundation.framework */; };
		48EC10321909DFE7000B6B64 /* CoreGraphics.framework in Frameworks */ = {isa = PBXBuildFile; fileRef = 48EC10311909DFE7000B6B64 /* CoreGraphics.framework */; };
		48EC10341909DFE7000B6B64 /* UIKit.framework in Frameworks */ = {isa = PBXBuildFile; fileRef = 48EC10331909DFE7000B6B64 /* UIKit.framework */; };
		48EC103A1909DFE7000B6B64 /* InfoPlist.strings in Resources */ = {isa = PBXBuildFile; fileRef = 48EC10381909DFE7000B6B64 /* InfoPlist.strings */; };
		48EC103C1909DFE7000B6B64 /* main.m in Sources */ = {isa = PBXBuildFile; fileRef = 48EC103B1909DFE7000B6B64 /* main.m */; };
		48EC10401909DFE7000B6B64 /* MBAppDelegate.m in Sources */ = {isa = PBXBuildFile; fileRef = 48EC103F1909DFE7000B6B64 /* MBAppDelegate.m */; };
		48EC10421909DFE7000B6B64 /* Images.xcassets in Resources */ = {isa = PBXBuildFile; fileRef = 48EC10411909DFE7000B6B64 /* Images.xcassets */; };
		48EC10491909DFE7000B6B64 /* XCTest.framework in Frameworks */ = {isa = PBXBuildFile; fileRef = 48EC10481909DFE7000B6B64 /* XCTest.framework */; };
		48EC104A1909DFE7000B6B64 /* Foundation.framework in Frameworks */ = {isa = PBXBuildFile; fileRef = 48EC102F1909DFE7000B6B64 /* Foundation.framework */; };
		48EC104B1909DFE7000B6B64 /* UIKit.framework in Frameworks */ = {isa = PBXBuildFile; fileRef = 48EC10331909DFE7000B6B64 /* UIKit.framework */; };
		48EC10531909DFE7000B6B64 /* InfoPlist.strings in Resources */ = {isa = PBXBuildFile; fileRef = 48EC10511909DFE7000B6B64 /* InfoPlist.strings */; };
		48EC10551909DFE7000B6B64 /* GoGoGithubTests.m in Sources */ = {isa = PBXBuildFile; fileRef = 48EC10541909DFE7000B6B64 /* GoGoGithubTests.m */; };
		48EC10601909E021000B6B64 /* MBGithubOAuthClientDemoViewController.m in Sources */ = {isa = PBXBuildFile; fileRef = 48EC105F1909E021000B6B64 /* MBGithubOAuthClientDemoViewController.m */; };
		48EC10651909E127000B6B64 /* iPhone.storyboard in Resources */ = {isa = PBXBuildFile; fileRef = 48EC10641909E127000B6B64 /* iPhone.storyboard */; };
/* End PBXBuildFile section */

/* Begin PBXContainerItemProxy section */
		48EC104C1909DFE7000B6B64 /* PBXContainerItemProxy */ = {
			isa = PBXContainerItemProxy;
			containerPortal = 48EC10241909DFE7000B6B64 /* Project object */;
			proxyType = 1;
			remoteGlobalIDString = 48EC102B1909DFE7000B6B64;
			remoteInfo = GoGoGithub;
		};
/* End PBXContainerItemProxy section */

/* Begin PBXFileReference section */
		4861C00D190B668700FEB3B8 /* MBGithubOAuthClient.h */ = {isa = PBXFileReference; fileEncoding = 4; lastKnownFileType = sourcecode.c.h; name = MBGithubOAuthClient.h; path = ../MBGithubOAuthClient/MBGithubOAuthClient.h; sourceTree = "<group>"; };
		4861C00E190B668700FEB3B8 /* MBGithubOAuthClient.m */ = {isa = PBXFileReference; fileEncoding = 4; lastKnownFileType = sourcecode.c.objc; name = MBGithubOAuthClient.m; path = ../MBGithubOAuthClient/MBGithubOAuthClient.m; sourceTree = "<group>"; };
		48EC102C1909DFE7000B6B64 /* GoGoGithub.app */ = {isa = PBXFileReference; explicitFileType = wrapper.application; includeInIndex = 0; path = GoGoGithub.app; sourceTree = BUILT_PRODUCTS_DIR; };
		48EC102F1909DFE7000B6B64 /* Foundation.framework */ = {isa = PBXFileReference; lastKnownFileType = wrapper.framework; name = Foundation.framework; path = System/Library/Frameworks/Foundation.framework; sourceTree = SDKROOT; };
		48EC10311909DFE7000B6B64 /* CoreGraphics.framework */ = {isa = PBXFileReference; lastKnownFileType = wrapper.framework; name = CoreGraphics.framework; path = System/Library/Frameworks/CoreGraphics.framework; sourceTree = SDKROOT; };
		48EC10331909DFE7000B6B64 /* UIKit.framework */ = {isa = PBXFileReference; lastKnownFileType = wrapper.framework; name = UIKit.framework; path = System/Library/Frameworks/UIKit.framework; sourceTree = SDKROOT; };
		48EC10371909DFE7000B6B64 /* GoGoGithub-Info.plist */ = {isa = PBXFileReference; lastKnownFileType = text.plist.xml; path = "GoGoGithub-Info.plist"; sourceTree = "<group>"; };
		48EC10391909DFE7000B6B64 /* en */ = {isa = PBXFileReference; lastKnownFileType = text.plist.strings; name = en; path = en.lproj/InfoPlist.strings; sourceTree = "<group>"; };
		48EC103B1909DFE7000B6B64 /* main.m */ = {isa = PBXFileReference; lastKnownFileType = sourcecode.c.objc; path = main.m; sourceTree = "<group>"; };
		48EC103D1909DFE7000B6B64 /* GoGoGithub-Prefix.pch */ = {isa = PBXFileReference; lastKnownFileType = sourcecode.c.h; path = "GoGoGithub-Prefix.pch"; sourceTree = "<group>"; };
		48EC103E1909DFE7000B6B64 /* MBAppDelegate.h */ = {isa = PBXFileReference; lastKnownFileType = sourcecode.c.h; path = MBAppDelegate.h; sourceTree = "<group>"; };
		48EC103F1909DFE7000B6B64 /* MBAppDelegate.m */ = {isa = PBXFileReference; lastKnownFileType = sourcecode.c.objc; path = MBAppDelegate.m; sourceTree = "<group>"; };
		48EC10411909DFE7000B6B64 /* Images.xcassets */ = {isa = PBXFileReference; lastKnownFileType = folder.assetcatalog; path = Images.xcassets; sourceTree = "<group>"; };
		48EC10471909DFE7000B6B64 /* GoGoGithubTests.xctest */ = {isa = PBXFileReference; explicitFileType = wrapper.cfbundle; includeInIndex = 0; path = GoGoGithubTests.xctest; sourceTree = BUILT_PRODUCTS_DIR; };
		48EC10481909DFE7000B6B64 /* XCTest.framework */ = {isa = PBXFileReference; lastKnownFileType = wrapper.framework; name = XCTest.framework; path = Library/Frameworks/XCTest.framework; sourceTree = DEVELOPER_DIR; };
		48EC10501909DFE7000B6B64 /* GoGoGithubTests-Info.plist */ = {isa = PBXFileReference; lastKnownFileType = text.plist.xml; path = "GoGoGithubTests-Info.plist"; sourceTree = "<group>"; };
		48EC10521909DFE7000B6B64 /* en */ = {isa = PBXFileReference; lastKnownFileType = text.plist.strings; name = en; path = en.lproj/InfoPlist.strings; sourceTree = "<group>"; };
		48EC10541909DFE7000B6B64 /* GoGoGithubTests.m */ = {isa = PBXFileReference; lastKnownFileType = sourcecode.c.objc; path = GoGoGithubTests.m; sourceTree = "<group>"; };
		48EC105E1909E021000B6B64 /* MBGithubOAuthClientDemoViewController.h */ = {isa = PBXFileReference; fileEncoding = 4; lastKnownFileType = sourcecode.c.h; path = MBGithubOAuthClientDemoViewController.h; sourceTree = "<group>"; };
		48EC105F1909E021000B6B64 /* MBGithubOAuthClientDemoViewController.m */ = {isa = PBXFileReference; fileEncoding = 4; lastKnownFileType = sourcecode.c.objc; path = MBGithubOAuthClientDemoViewController.m; sourceTree = "<group>"; };
		48EC10641909E127000B6B64 /* iPhone.storyboard */ = {isa = PBXFileReference; fileEncoding = 4; lastKnownFileType = file.storyboard; path = iPhone.storyboard; sourceTree = "<group>"; };
/* End PBXFileReference section */

/* Begin PBXFrameworksBuildPhase section */
		48EC10291909DFE7000B6B64 /* Frameworks */ = {
			isa = PBXFrameworksBuildPhase;
			buildActionMask = 2147483647;
			files = (
				48EC10321909DFE7000B6B64 /* CoreGraphics.framework in Frameworks */,
				48EC10341909DFE7000B6B64 /* UIKit.framework in Frameworks */,
				48EC10301909DFE7000B6B64 /* Foundation.framework in Frameworks */,
			);
			runOnlyForDeploymentPostprocessing = 0;
		};
		48EC10441909DFE7000B6B64 /* Frameworks */ = {
			isa = PBXFrameworksBuildPhase;
			buildActionMask = 2147483647;
			files = (
				48EC10491909DFE7000B6B64 /* XCTest.framework in Frameworks */,
				48EC104B1909DFE7000B6B64 /* UIKit.framework in Frameworks */,
				48EC104A1909DFE7000B6B64 /* Foundation.framework in Frameworks */,
			);
			runOnlyForDeploymentPostprocessing = 0;
		};
/* End PBXFrameworksBuildPhase section */

/* Begin PBXGroup section */
		4861C010190B668D00FEB3B8 /* MBGithubOAuthClient */ = {
			isa = PBXGroup;
			children = (
				4861C00D190B668700FEB3B8 /* MBGithubOAuthClient.h */,
				4861C00E190B668700FEB3B8 /* MBGithubOAuthClient.m */,
			);
			name = MBGithubOAuthClient;
			sourceTree = "<group>";
		};
		48EC10231909DFE7000B6B64 = {
			isa = PBXGroup;
			children = (
				48EC10351909DFE7000B6B64 /* GoGoGithub */,
				48EC104E1909DFE7000B6B64 /* GoGoGithubTests */,
				48EC102E1909DFE7000B6B64 /* Frameworks */,
				48EC102D1909DFE7000B6B64 /* Products */,
			);
			sourceTree = "<group>";
		};
		48EC102D1909DFE7000B6B64 /* Products */ = {
			isa = PBXGroup;
			children = (
				48EC102C1909DFE7000B6B64 /* GoGoGithub.app */,
				48EC10471909DFE7000B6B64 /* GoGoGithubTests.xctest */,
			);
			name = Products;
			sourceTree = "<group>";
		};
		48EC102E1909DFE7000B6B64 /* Frameworks */ = {
			isa = PBXGroup;
			children = (
				48EC102F1909DFE7000B6B64 /* Foundation.framework */,
				48EC10311909DFE7000B6B64 /* CoreGraphics.framework */,
				48EC10331909DFE7000B6B64 /* UIKit.framework */,
				48EC10481909DFE7000B6B64 /* XCTest.framework */,
			);
			name = Frameworks;
			sourceTree = "<group>";
		};
		48EC10351909DFE7000B6B64 /* GoGoGithub */ = {
			isa = PBXGroup;
			children = (
				48EC103E1909DFE7000B6B64 /* MBAppDelegate.h */,
				48EC103F1909DFE7000B6B64 /* MBAppDelegate.m */,
				48EC105E1909E021000B6B64 /* MBGithubOAuthClientDemoViewController.h */,
				48EC105F1909E021000B6B64 /* MBGithubOAuthClientDemoViewController.m */,
				4861C010190B668D00FEB3B8 /* MBGithubOAuthClient */,
				48EC10641909E127000B6B64 /* iPhone.storyboard */,
				48EC10411909DFE7000B6B64 /* Images.xcassets */,
				48EC10361909DFE7000B6B64 /* Supporting Files */,
			);
			path = GoGoGithub;
			sourceTree = "<group>";
		};
		48EC10361909DFE7000B6B64 /* Supporting Files */ = {
			isa = PBXGroup;
			children = (
				48EC10371909DFE7000B6B64 /* GoGoGithub-Info.plist */,
				48EC10381909DFE7000B6B64 /* InfoPlist.strings */,
				48EC103B1909DFE7000B6B64 /* main.m */,
				48EC103D1909DFE7000B6B64 /* GoGoGithub-Prefix.pch */,
			);
			name = "Supporting Files";
			sourceTree = "<group>";
		};
		48EC104E1909DFE7000B6B64 /* GoGoGithubTests */ = {
			isa = PBXGroup;
			children = (
				48EC10541909DFE7000B6B64 /* GoGoGithubTests.m */,
				48EC104F1909DFE7000B6B64 /* Supporting Files */,
			);
			path = GoGoGithubTests;
			sourceTree = "<group>";
		};
		48EC104F1909DFE7000B6B64 /* Supporting Files */ = {
			isa = PBXGroup;
			children = (
				48EC10501909DFE7000B6B64 /* GoGoGithubTests-Info.plist */,
				48EC10511909DFE7000B6B64 /* InfoPlist.strings */,
			);
			name = "Supporting Files";
			sourceTree = "<group>";
		};
/* End PBXGroup section */

/* Begin PBXNativeTarget section */
		48EC102B1909DFE7000B6B64 /* GoGoGithub */ = {
			isa = PBXNativeTarget;
			buildConfigurationList = 48EC10581909DFE7000B6B64 /* Build configuration list for PBXNativeTarget "GoGoGithub" */;
			buildPhases = (
				48EC10281909DFE7000B6B64 /* Sources */,
				48EC10291909DFE7000B6B64 /* Frameworks */,
				48EC102A1909DFE7000B6B64 /* Resources */,
			);
			buildRules = (
			);
			dependencies = (
			);
			name = GoGoGithub;
			productName = GoGoGithub;
			productReference = 48EC102C1909DFE7000B6B64 /* GoGoGithub.app */;
			productType = "com.apple.product-type.application";
		};
		48EC10461909DFE7000B6B64 /* GoGoGithubTests */ = {
			isa = PBXNativeTarget;
			buildConfigurationList = 48EC105B1909DFE7000B6B64 /* Build configuration list for PBXNativeTarget "GoGoGithubTests" */;
			buildPhases = (
				48EC10431909DFE7000B6B64 /* Sources */,
				48EC10441909DFE7000B6B64 /* Frameworks */,
				48EC10451909DFE7000B6B64 /* Resources */,
			);
			buildRules = (
			);
			dependencies = (
				48EC104D1909DFE7000B6B64 /* PBXTargetDependency */,
			);
			name = GoGoGithubTests;
			productName = GoGoGithubTests;
			productReference = 48EC10471909DFE7000B6B64 /* GoGoGithubTests.xctest */;
			productType = "com.apple.product-type.bundle.unit-test";
		};
/* End PBXNativeTarget section */

/* Begin PBXProject section */
		48EC10241909DFE7000B6B64 /* Project object */ = {
			isa = PBXProject;
			attributes = {
				CLASSPREFIX = MB;
				LastUpgradeCheck = 0510;
				ORGANIZATIONNAME = "Michael Babiy";
				TargetAttributes = {
					48EC10461909DFE7000B6B64 = {
						TestTargetID = 48EC102B1909DFE7000B6B64;
					};
				};
			};
			buildConfigurationList = 48EC10271909DFE7000B6B64 /* Build configuration list for PBXProject "GoGoGithub" */;
			compatibilityVersion = "Xcode 3.2";
			developmentRegion = English;
			hasScannedForEncodings = 0;
			knownRegions = (
				en,
			);
			mainGroup = 48EC10231909DFE7000B6B64;
			productRefGroup = 48EC102D1909DFE7000B6B64 /* Products */;
			projectDirPath = "";
			projectRoot = "";
			targets = (
				48EC102B1909DFE7000B6B64 /* GoGoGithub */,
				48EC10461909DFE7000B6B64 /* GoGoGithubTests */,
			);
		};
/* End PBXProject section */

/* Begin PBXResourcesBuildPhase section */
		48EC102A1909DFE7000B6B64 /* Resources */ = {
			isa = PBXResourcesBuildPhase;
			buildActionMask = 2147483647;
			files = (
				48EC103A1909DFE7000B6B64 /* InfoPlist.strings in Resources */,
				48EC10651909E127000B6B64 /* iPhone.storyboard in Resources */,
				48EC10421909DFE7000B6B64 /* Images.xcassets in Resources */,
			);
			runOnlyForDeploymentPostprocessing = 0;
		};
		48EC10451909DFE7000B6B64 /* Resources */ = {
			isa = PBXResourcesBuildPhase;
			buildActionMask = 2147483647;
			files = (
				48EC10531909DFE7000B6B64 /* InfoPlist.strings in Resources */,
			);
			runOnlyForDeploymentPostprocessing = 0;
		};
/* End PBXResourcesBuildPhase section */

/* Begin PBXSourcesBuildPhase section */
		48EC10281909DFE7000B6B64 /* Sources */ = {
			isa = PBXSourcesBuildPhase;
			buildActionMask = 2147483647;
			files = (
				4861C00F190B668700FEB3B8 /* MBGithubOAuthClient.m in Sources */,
				48EC103C1909DFE7000B6B64 /* main.m in Sources */,
				48EC10401909DFE7000B6B64 /* MBAppDelegate.m in Sources */,
				48EC10601909E021000B6B64 /* MBGithubOAuthClientDemoViewController.m in Sources */,
			);
			runOnlyForDeploymentPostprocessing = 0;
		};
		48EC10431909DFE7000B6B64 /* Sources */ = {
			isa = PBXSourcesBuildPhase;
			buildActionMask = 2147483647;
			files = (
				48EC10551909DFE7000B6B64 /* GoGoGithubTests.m in Sources */,
			);
			runOnlyForDeploymentPostprocessing = 0;
		};
/* End PBXSourcesBuildPhase section */

/* Begin PBXTargetDependency section */
		48EC104D1909DFE7000B6B64 /* PBXTargetDependency */ = {
			isa = PBXTargetDependency;
			target = 48EC102B1909DFE7000B6B64 /* GoGoGithub */;
			targetProxy = 48EC104C1909DFE7000B6B64 /* PBXContainerItemProxy */;
		};
/* End PBXTargetDependency section */

/* Begin PBXVariantGroup section */
		48EC10381909DFE7000B6B64 /* InfoPlist.strings */ = {
			isa = PBXVariantGroup;
			children = (
				48EC10391909DFE7000B6B64 /* en */,
			);
			name = InfoPlist.strings;
			sourceTree = "<group>";
		};
		48EC10511909DFE7000B6B64 /* InfoPlist.strings */ = {
			isa = PBXVariantGroup;
			children = (
				48EC10521909DFE7000B6B64 /* en */,
			);
			name = InfoPlist.strings;
			sourceTree = "<group>";
		};
/* End PBXVariantGroup section */

/* Begin XCBuildConfiguration section */
		48EC10561909DFE7000B6B64 /* Debug */ = {
			isa = XCBuildConfiguration;
			buildSettings = {
				ALWAYS_SEARCH_USER_PATHS = NO;
				CLANG_CXX_LANGUAGE_STANDARD = "gnu++0x";
				CLANG_CXX_LIBRARY = "libc++";
				CLANG_ENABLE_MODULES = YES;
				CLANG_ENABLE_OBJC_ARC = YES;
				CLANG_WARN_BOOL_CONVERSION = YES;
				CLANG_WARN_CONSTANT_CONVERSION = YES;
				CLANG_WARN_DIRECT_OBJC_ISA_USAGE = YES_ERROR;
				CLANG_WARN_EMPTY_BODY = YES;
				CLANG_WARN_ENUM_CONVERSION = YES;
				CLANG_WARN_INT_CONVERSION = YES;
				CLANG_WARN_OBJC_ROOT_CLASS = YES_ERROR;
				CLANG_WARN__DUPLICATE_METHOD_MATCH = YES;
				"CODE_SIGN_IDENTITY[sdk=iphoneos*]" = "iPhone Developer";
				COPY_PHASE_STRIP = NO;
				GCC_C_LANGUAGE_STANDARD = gnu99;
				GCC_DYNAMIC_NO_PIC = NO;
				GCC_OPTIMIZATION_LEVEL = 0;
				GCC_PREPROCESSOR_DEFINITIONS = (
					"DEBUG=1",
					"$(inherited)",
				);
				GCC_SYMBOLS_PRIVATE_EXTERN = NO;
				GCC_WARN_64_TO_32_BIT_CONVERSION = YES;
				GCC_WARN_ABOUT_RETURN_TYPE = YES_ERROR;
				GCC_WARN_UNDECLARED_SELECTOR = YES;
				GCC_WARN_UNINITIALIZED_AUTOS = YES_AGGRESSIVE;
				GCC_WARN_UNUSED_FUNCTION = YES;
				GCC_WARN_UNUSED_VARIABLE = YES;
				IPHONEOS_DEPLOYMENT_TARGET = 7.1;
				ONLY_ACTIVE_ARCH = YES;
				SDKROOT = iphoneos;
			};
			name = Debug;
		};
		48EC10571909DFE7000B6B64 /* Release */ = {
			isa = XCBuildConfiguration;
			buildSettings = {
				ALWAYS_SEARCH_USER_PATHS = NO;
				CLANG_CXX_LANGUAGE_STANDARD = "gnu++0x";
				CLANG_CXX_LIBRARY = "libc++";
				CLANG_ENABLE_MODULES = YES;
				CLANG_ENABLE_OBJC_ARC = YES;
				CLANG_WARN_BOOL_CONVERSION = YES;
				CLANG_WARN_CONSTANT_CONVERSION = YES;
				CLANG_WARN_DIRECT_OBJC_ISA_USAGE = YES_ERROR;
				CLANG_WARN_EMPTY_BODY = YES;
				CLANG_WARN_ENUM_CONVERSION = YES;
				CLANG_WARN_INT_CONVERSION = YES;
				CLANG_WARN_OBJC_ROOT_CLASS = YES_ERROR;
				CLANG_WARN__DUPLICATE_METHOD_MATCH = YES;
				"CODE_SIGN_IDENTITY[sdk=iphoneos*]" = "iPhone Developer";
				COPY_PHASE_STRIP = YES;
				ENABLE_NS_ASSERTIONS = NO;
				GCC_C_LANGUAGE_STANDARD = gnu99;
				GCC_WARN_64_TO_32_BIT_CONVERSION = YES;
				GCC_WARN_ABOUT_RETURN_TYPE = YES_ERROR;
				GCC_WARN_UNDECLARED_SELECTOR = YES;
				GCC_WARN_UNINITIALIZED_AUTOS = YES_AGGRESSIVE;
				GCC_WARN_UNUSED_FUNCTION = YES;
				GCC_WARN_UNUSED_VARIABLE = YES;
				IPHONEOS_DEPLOYMENT_TARGET = 7.1;
				SDKROOT = iphoneos;
				VALIDATE_PRODUCT = YES;
			};
			name = Release;
		};
		48EC10591909DFE7000B6B64 /* Debug */ = {
			isa = XCBuildConfiguration;
			buildSettings = {
				ASSETCATALOG_COMPILER_APPICON_NAME = AppIcon;
				ASSETCATALOG_COMPILER_LAUNCHIMAGE_NAME = LaunchImage;
				GCC_PRECOMPILE_PREFIX_HEADER = YES;
				GCC_PREFIX_HEADER = "GoGoGithub/GoGoGithub-Prefix.pch";
				INFOPLIST_FILE = "GoGoGithub/GoGoGithub-Info.plist";
				IPHONEOS_DEPLOYMENT_TARGET = 7.0;
				PRODUCT_NAME = "$(TARGET_NAME)";
				TARGETED_DEVICE_FAMILY = 1;
				WRAPPER_EXTENSION = app;
			};
			name = Debug;
		};
		48EC105A1909DFE7000B6B64 /* Release */ = {
			isa = XCBuildConfiguration;
			buildSettings = {
				ASSETCATALOG_COMPILER_APPICON_NAME = AppIcon;
				ASSETCATALOG_COMPILER_LAUNCHIMAGE_NAME = LaunchImage;
				GCC_PRECOMPILE_PREFIX_HEADER = YES;
				GCC_PREFIX_HEADER = "GoGoGithub/GoGoGithub-Prefix.pch";
				INFOPLIST_FILE = "GoGoGithub/GoGoGithub-Info.plist";
				IPHONEOS_DEPLOYMENT_TARGET = 7.0;
				PRODUCT_NAME = "$(TARGET_NAME)";
				TARGETED_DEVICE_FAMILY = 1;
				WRAPPER_EXTENSION = app;
			};
			name = Release;
		};
		48EC105C1909DFE7000B6B64 /* Debug */ = {
			isa = XCBuildConfiguration;
			buildSettings = {
				BUNDLE_LOADER = "$(BUILT_PRODUCTS_DIR)/GoGoGithub.app/GoGoGithub";
				FRAMEWORK_SEARCH_PATHS = (
					"$(SDKROOT)/Developer/Library/Frameworks",
					"$(inherited)",
					"$(DEVELOPER_FRAMEWORKS_DIR)",
				);
				GCC_PRECOMPILE_PREFIX_HEADER = YES;
				GCC_PREFIX_HEADER = "GoGoGithub/GoGoGithub-Prefix.pch";
				GCC_PREPROCESSOR_DEFINITIONS = (
					"DEBUG=1",
					"$(inherited)",
				);
				INFOPLIST_FILE = "GoGoGithubTests/GoGoGithubTests-Info.plist";
				PRODUCT_NAME = "$(TARGET_NAME)";
				TEST_HOST = "$(BUNDLE_LOADER)";
				WRAPPER_EXTENSION = xctest;
			};
			name = Debug;
		};
		48EC105D1909DFE7000B6B64 /* Release */ = {
			isa = XCBuildConfiguration;
			buildSettings = {
				BUNDLE_LOADER = "$(BUILT_PRODUCTS_DIR)/GoGoGithub.app/GoGoGithub";
				FRAMEWORK_SEARCH_PATHS = (
					"$(SDKROOT)/Developer/Library/Frameworks",
					"$(inherited)",
					"$(DEVELOPER_FRAMEWORKS_DIR)",
				);
				GCC_PRECOMPILE_PREFIX_HEADER = YES;
				GCC_PREFIX_HEADER = "GoGoGithub/GoGoGithub-Prefix.pch";
				INFOPLIST_FILE = "GoGoGithubTests/GoGoGithubTests-Info.plist";
				PRODUCT_NAME = "$(TARGET_NAME)";
				TEST_HOST = "$(BUNDLE_LOADER)";
				WRAPPER_EXTENSION = xctest;
			};
			name = Release;
		};
/* End XCBuildConfiguration section */

/* Begin XCConfigurationList section */
		48EC10271909DFE7000B6B64 /* Build configuration list for PBXProject "GoGoGithub" */ = {
			isa = XCConfigurationList;
			buildConfigurations = (
				48EC10561909DFE7000B6B64 /* Debug */,
				48EC10571909DFE7000B6B64 /* Release */,
			);
			defaultConfigurationIsVisible = 0;
			defaultConfigurationName = Release;
		};
		48EC10581909DFE7000B6B64 /* Build configuration list for PBXNativeTarget "GoGoGithub" */ = {
			isa = XCConfigurationList;
			buildConfigurations = (
				48EC10591909DFE7000B6B64 /* Debug */,
				48EC105A1909DFE7000B6B64 /* Release */,
			);
			defaultConfigurationIsVisible = 0;
			defaultConfigurationName = Release;
		};
		48EC105B1909DFE7000B6B64 /* Build configuration list for PBXNativeTarget "GoGoGithubTests" */ = {
			isa = XCConfigurationList;
			buildConfigurations = (
				48EC105C1909DFE7000B6B64 /* Debug */,
				48EC105D1909DFE7000B6B64 /* Release */,
			);
			defaultConfigurationIsVisible = 0;
			defaultConfigurationName = Release;
		};
/* End XCConfigurationList section */
	};
	rootObject = 48EC10241909DFE7000B6B64 /* Project object */;
}
