// !$*UTF8*$!
{
	archiveVersion = 1;
	classes = {
	};
	objectVersion = 46;
	objects = {

/* Begin PBXBuildFile section */
		4D6993E218E22E0C0073680F /* Foundation.framework in Frameworks */ = {isa = PBXBuildFile; fileRef = 4D6993E118E22E0C0073680F /* Foundation.framework */; };
		4D6993E418E22E0C0073680F /* CoreGraphics.framework in Frameworks */ = {isa = PBXBuildFile; fileRef = 4D6993E318E22E0C0073680F /* CoreGraphics.framework */; };
		4D6993E618E22E0C0073680F /* UIKit.framework in Frameworks */ = {isa = PBXBuildFile; fileRef = 4D6993E518E22E0C0073680F /* UIKit.framework */; };
		4D6993EC18E22E0C0073680F /* InfoPlist.strings in Resources */ = {isa = PBXBuildFile; fileRef = 4D6993EA18E22E0C0073680F /* InfoPlist.strings */; };
		4D6993FA18E22E0C0073680F /* Images.xcassets in Resources */ = {isa = PBXBuildFile; fileRef = 4D6993F918E22E0C0073680F /* Images.xcassets */; };
		4D69940118E22E0C0073680F /* XCTest.framework in Frameworks */ = {isa = PBXBuildFile; fileRef = 4D69940018E22E0C0073680F /* XCTest.framework */; };
		4D69940218E22E0C0073680F /* Foundation.framework in Frameworks */ = {isa = PBXBuildFile; fileRef = 4D6993E118E22E0C0073680F /* Foundation.framework */; };
		4D69940318E22E0C0073680F /* UIKit.framework in Frameworks */ = {isa = PBXBuildFile; fileRef = 4D6993E518E22E0C0073680F /* UIKit.framework */; };
		4D69940B18E22E0C0073680F /* InfoPlist.strings in Resources */ = {isa = PBXBuildFile; fileRef = 4D69940918E22E0C0073680F /* InfoPlist.strings */; };
		4D69940D18E22E0C0073680F /* youtube_player_ios_exampleTests.m in Sources */ = {isa = PBXBuildFile; fileRef = 4D69940C18E22E0C0073680F /* youtube_player_ios_exampleTests.m */; };
		4D69941D18E22EE10073680F /* AppDelegate.m in Sources */ = {isa = PBXBuildFile; fileRef = 4D69941718E22EE10073680F /* AppDelegate.m */; };
		4D69941E18E22EE10073680F /* Main.storyboard in Resources */ = {isa = PBXBuildFile; fileRef = 4D69941818E22EE10073680F /* Main.storyboard */; };
		4D69941F18E22EE10073680F /* SingleVideoViewController.m in Sources */ = {isa = PBXBuildFile; fileRef = 4D69941A18E22EE10073680F /* SingleVideoViewController.m */; };
		4D69942018E22EE10073680F /* PlaylistViewController.m in Sources */ = {isa = PBXBuildFile; fileRef = 4D69941C18E22EE10073680F /* PlaylistViewController.m */; };
		4D69942218E22F000073680F /* main.m in Sources */ = {isa = PBXBuildFile; fileRef = 4D69942118E22F000073680F /* main.m */; };
		A1667DB27CF64FC392012064 /* libPods-youtube-player-ios-exampleTests.a in Frameworks */ = {isa = PBXBuildFile; fileRef = 97FE8C7A7A914485BBD9A3D4 /* libPods-youtube-player-ios-exampleTests.a */; };
		A732EFB889AD44979951554A /* libPods.a in Frameworks */ = {isa = PBXBuildFile; fileRef = 614CB957CD094425884C83E1 /* libPods.a */; };
/* End PBXBuildFile section */

/* Begin PBXContainerItemProxy section */
		4D69940418E22E0C0073680F /* PBXContainerItemProxy */ = {
			isa = PBXContainerItemProxy;
			containerPortal = 4D6993D618E22E0C0073680F /* Project object */;
			proxyType = 1;
			remoteGlobalIDString = 4D6993DD18E22E0C0073680F;
			remoteInfo = "youtube-player-ios-example";
		};
/* End PBXContainerItemProxy section */

/* Begin PBXFileReference section */
		107E538F00C04BB3BB937C5F /* Pods-youtube-player-ios-exampleTests.xcconfig */ = {isa = PBXFileReference; includeInIndex = 1; lastKnownFileType = text.xcconfig; name = "Pods-youtube-player-ios-exampleTests.xcconfig"; path = "Pods/Pods-youtube-player-ios-exampleTests.xcconfig"; sourceTree = "<group>"; };
		4D6993DE18E22E0C0073680F /* youtube-player-ios-example.app */ = {isa = PBXFileReference; explicitFileType = wrapper.application; includeInIndex = 0; path = "youtube-player-ios-example.app"; sourceTree = BUILT_PRODUCTS_DIR; };
		4D6993E118E22E0C0073680F /* Foundation.framework */ = {isa = PBXFileReference; lastKnownFileType = wrapper.framework; name = Foundation.framework; path = System/Library/Frameworks/Foundation.framework; sourceTree = SDKROOT; };
		4D6993E318E22E0C0073680F /* CoreGraphics.framework */ = {isa = PBXFileReference; lastKnownFileType = wrapper.framework; name = CoreGraphics.framework; path = System/Library/Frameworks/CoreGraphics.framework; sourceTree = SDKROOT; };
		4D6993E518E22E0C0073680F /* UIKit.framework */ = {isa = PBXFileReference; lastKnownFileType = wrapper.framework; name = UIKit.framework; path = System/Library/Frameworks/UIKit.framework; sourceTree = SDKROOT; };
		4D6993E918E22E0C0073680F /* youtube-player-ios-example-Info.plist */ = {isa = PBXFileReference; lastKnownFileType = text.plist.xml; path = "youtube-player-ios-example-Info.plist"; sourceTree = "<group>"; };
		4D6993EB18E22E0C0073680F /* en */ = {isa = PBXFileReference; lastKnownFileType = text.plist.strings; name = en; path = en.lproj/InfoPlist.strings; sourceTree = "<group>"; };
		4D6993EF18E22E0C0073680F /* youtube-player-ios-example-Prefix.pch */ = {isa = PBXFileReference; lastKnownFileType = sourcecode.c.h; path = "youtube-player-ios-example-Prefix.pch"; sourceTree = "<group>"; };
		4D6993F918E22E0C0073680F /* Images.xcassets */ = {isa = PBXFileReference; lastKnownFileType = folder.assetcatalog; path = Images.xcassets; sourceTree = "<group>"; };
		4D6993FF18E22E0C0073680F /* youtube-player-ios-exampleTests.xctest */ = {isa = PBXFileReference; explicitFileType = wrapper.cfbundle; includeInIndex = 0; path = "youtube-player-ios-exampleTests.xctest"; sourceTree = BUILT_PRODUCTS_DIR; };
		4D69940018E22E0C0073680F /* XCTest.framework */ = {isa = PBXFileReference; lastKnownFileType = wrapper.framework; name = XCTest.framework; path = Library/Frameworks/XCTest.framework; sourceTree = DEVELOPER_DIR; };
		4D69940818E22E0C0073680F /* youtube-player-ios-exampleTests-Info.plist */ = {isa = PBXFileReference; lastKnownFileType = text.plist.xml; path = "youtube-player-ios-exampleTests-Info.plist"; sourceTree = "<group>"; };
		4D69940A18E22E0C0073680F /* en */ = {isa = PBXFileReference; lastKnownFileType = text.plist.strings; name = en; path = en.lproj/InfoPlist.strings; sourceTree = "<group>"; };
		4D69940C18E22E0C0073680F /* youtube_player_ios_exampleTests.m */ = {isa = PBXFileReference; lastKnownFileType = sourcecode.c.objc; path = youtube_player_ios_exampleTests.m; sourceTree = "<group>"; };
		4D69941618E22EE10073680F /* AppDelegate.h */ = {isa = PBXFileReference; fileEncoding = 4; lastKnownFileType = sourcecode.c.h; path = AppDelegate.h; sourceTree = "<group>"; };
		4D69941718E22EE10073680F /* AppDelegate.m */ = {isa = PBXFileReference; fileEncoding = 4; lastKnownFileType = sourcecode.c.objc; path = AppDelegate.m; sourceTree = "<group>"; };
		4D69941818E22EE10073680F /* Main.storyboard */ = {isa = PBXFileReference; fileEncoding = 4; lastKnownFileType = file.storyboard; path = Main.storyboard; sourceTree = "<group>"; };
		4D69941918E22EE10073680F /* SingleVideoViewController.h */ = {isa = PBXFileReference; fileEncoding = 4; lastKnownFileType = sourcecode.c.h; path = SingleVideoViewController.h; sourceTree = "<group>"; };
		4D69941A18E22EE10073680F /* SingleVideoViewController.m */ = {isa = PBXFileReference; fileEncoding = 4; lastKnownFileType = sourcecode.c.objc; path = SingleVideoViewController.m; sourceTree = "<group>"; };
		4D69941B18E22EE10073680F /* PlaylistViewController.h */ = {isa = PBXFileReference; fileEncoding = 4; lastKnownFileType = sourcecode.c.h; path = PlaylistViewController.h; sourceTree = "<group>"; };
		4D69941C18E22EE10073680F /* PlaylistViewController.m */ = {isa = PBXFileReference; fileEncoding = 4; lastKnownFileType = sourcecode.c.objc; path = PlaylistViewController.m; sourceTree = "<group>"; };
		4D69942118E22F000073680F /* main.m */ = {isa = PBXFileReference; fileEncoding = 4; lastKnownFileType = sourcecode.c.objc; path = main.m; sourceTree = "<group>"; };
		614CB957CD094425884C83E1 /* libPods.a */ = {isa = PBXFileReference; explicitFileType = archive.ar; includeInIndex = 0; path = libPods.a; sourceTree = BUILT_PRODUCTS_DIR; };
		97FE8C7A7A914485BBD9A3D4 /* libPods-youtube-player-ios-exampleTests.a */ = {isa = PBXFileReference; explicitFileType = archive.ar; includeInIndex = 0; path = "libPods-youtube-player-ios-exampleTests.a"; sourceTree = BUILT_PRODUCTS_DIR; };
		A6670756F2BD48C08B22B301 /* Pods.xcconfig */ = {isa = PBXFileReference; includeInIndex = 1; lastKnownFileType = text.xcconfig; name = Pods.xcconfig; path = Pods/Pods.xcconfig; sourceTree = "<group>"; };
/* End PBXFileReference section */

/* Begin PBXFrameworksBuildPhase section */
		4D6993DB18E22E0C0073680F /* Frameworks */ = {
			isa = PBXFrameworksBuildPhase;
			buildActionMask = 2147483647;
			files = (
				4D6993E418E22E0C0073680F /* CoreGraphics.framework in Frameworks */,
				4D6993E618E22E0C0073680F /* UIKit.framework in Frameworks */,
				4D6993E218E22E0C0073680F /* Foundation.framework in Frameworks */,
				A732EFB889AD44979951554A /* libPods.a in Frameworks */,
			);
			runOnlyForDeploymentPostprocessing = 0;
		};
		4D6993FC18E22E0C0073680F /* Frameworks */ = {
			isa = PBXFrameworksBuildPhase;
			buildActionMask = 2147483647;
			files = (
				4D69940118E22E0C0073680F /* XCTest.framework in Frameworks */,
				4D69940318E22E0C0073680F /* UIKit.framework in Frameworks */,
				4D69940218E22E0C0073680F /* Foundation.framework in Frameworks */,
				A1667DB27CF64FC392012064 /* libPods-youtube-player-ios-exampleTests.a in Frameworks */,
			);
			runOnlyForDeploymentPostprocessing = 0;
		};
/* End PBXFrameworksBuildPhase section */

/* Begin PBXGroup section */
		4D6993D518E22E0C0073680F = {
			isa = PBXGroup;
			children = (
				4D6993E718E22E0C0073680F /* youtube-player-ios-example */,
				4D69940618E22E0C0073680F /* youtube-player-ios-exampleTests */,
				4D6993E018E22E0C0073680F /* Frameworks */,
				4D6993DF18E22E0C0073680F /* Products */,
				A6670756F2BD48C08B22B301 /* Pods.xcconfig */,
				107E538F00C04BB3BB937C5F /* Pods-youtube-player-ios-exampleTests.xcconfig */,
			);
			sourceTree = "<group>";
		};
		4D6993DF18E22E0C0073680F /* Products */ = {
			isa = PBXGroup;
			children = (
				4D6993DE18E22E0C0073680F /* youtube-player-ios-example.app */,
				4D6993FF18E22E0C0073680F /* youtube-player-ios-exampleTests.xctest */,
			);
			name = Products;
			sourceTree = "<group>";
		};
		4D6993E018E22E0C0073680F /* Frameworks */ = {
			isa = PBXGroup;
			children = (
				4D6993E118E22E0C0073680F /* Foundation.framework */,
				4D6993E318E22E0C0073680F /* CoreGraphics.framework */,
				4D6993E518E22E0C0073680F /* UIKit.framework */,
				4D69940018E22E0C0073680F /* XCTest.framework */,
				614CB957CD094425884C83E1 /* libPods.a */,
				97FE8C7A7A914485BBD9A3D4 /* libPods-youtube-player-ios-exampleTests.a */,
			);
			name = Frameworks;
			sourceTree = "<group>";
		};
		4D6993E718E22E0C0073680F /* youtube-player-ios-example */ = {
			isa = PBXGroup;
			children = (
				4D69941618E22EE10073680F /* AppDelegate.h */,
				4D69941718E22EE10073680F /* AppDelegate.m */,
				4D69941818E22EE10073680F /* Main.storyboard */,
				4D69941918E22EE10073680F /* SingleVideoViewController.h */,
				4D69941A18E22EE10073680F /* SingleVideoViewController.m */,
				4D69941B18E22EE10073680F /* PlaylistViewController.h */,
				4D69941C18E22EE10073680F /* PlaylistViewController.m */,
				4D6993F918E22E0C0073680F /* Images.xcassets */,
				4D6993E818E22E0C0073680F /* Supporting Files */,
			);
			path = "youtube-player-ios-example";
			sourceTree = "<group>";
		};
		4D6993E818E22E0C0073680F /* Supporting Files */ = {
			isa = PBXGroup;
			children = (
				4D6993E918E22E0C0073680F /* youtube-player-ios-example-Info.plist */,
				4D6993EA18E22E0C0073680F /* InfoPlist.strings */,
				4D69942118E22F000073680F /* main.m */,
				4D6993EF18E22E0C0073680F /* youtube-player-ios-example-Prefix.pch */,
			);
			name = "Supporting Files";
			sourceTree = "<group>";
		};
		4D69940618E22E0C0073680F /* youtube-player-ios-exampleTests */ = {
			isa = PBXGroup;
			children = (
				4D69940C18E22E0C0073680F /* youtube_player_ios_exampleTests.m */,
				4D69940718E22E0C0073680F /* Supporting Files */,
			);
			path = "youtube-player-ios-exampleTests";
			sourceTree = "<group>";
		};
		4D69940718E22E0C0073680F /* Supporting Files */ = {
			isa = PBXGroup;
			children = (
				4D69940818E22E0C0073680F /* youtube-player-ios-exampleTests-Info.plist */,
				4D69940918E22E0C0073680F /* InfoPlist.strings */,
			);
			name = "Supporting Files";
			sourceTree = "<group>";
		};
/* End PBXGroup section */

/* Begin PBXNativeTarget section */
		4D6993DD18E22E0C0073680F /* youtube-player-ios-example */ = {
			isa = PBXNativeTarget;
			buildConfigurationList = 4D69941018E22E0C0073680F /* Build configuration list for PBXNativeTarget "youtube-player-ios-example" */;
			buildPhases = (
				FE80856E09B8459AAE18655D /* Check Pods Manifest.lock */,
				4D6993DA18E22E0C0073680F /* Sources */,
				4D6993DB18E22E0C0073680F /* Frameworks */,
				4D6993DC18E22E0C0073680F /* Resources */,
				8D2FF9AA090848A181BEBD44 /* Copy Pods Resources */,
			);
			buildRules = (
			);
			dependencies = (
			);
			name = "youtube-player-ios-example";
			productName = "youtube-player-ios-example";
			productReference = 4D6993DE18E22E0C0073680F /* youtube-player-ios-example.app */;
			productType = "com.apple.product-type.application";
		};
		4D6993FE18E22E0C0073680F /* youtube-player-ios-exampleTests */ = {
			isa = PBXNativeTarget;
			buildConfigurationList = 4D69941318E22E0C0073680F /* Build configuration list for PBXNativeTarget "youtube-player-ios-exampleTests" */;
			buildPhases = (
				40A67310F9C54613B3075C8C /* Check Pods Manifest.lock */,
				4D6993FB18E22E0C0073680F /* Sources */,
				4D6993FC18E22E0C0073680F /* Frameworks */,
				4D6993FD18E22E0C0073680F /* Resources */,
				B16AF54440614B7BBEA8906E /* Copy Pods Resources */,
			);
			buildRules = (
			);
			dependencies = (
				4D69940518E22E0C0073680F /* PBXTargetDependency */,
			);
			name = "youtube-player-ios-exampleTests";
			productName = "youtube-player-ios-exampleTests";
			productReference = 4D6993FF18E22E0C0073680F /* youtube-player-ios-exampleTests.xctest */;
			productType = "com.apple.product-type.bundle.unit-test";
		};
/* End PBXNativeTarget section */

/* Begin PBXProject section */
		4D6993D618E22E0C0073680F /* Project object */ = {
			isa = PBXProject;
			attributes = {
				LastUpgradeCheck = 0510;
				ORGANIZATIONNAME = "YouTube Developer Relations";
				TargetAttributes = {
					4D6993FE18E22E0C0073680F = {
						TestTargetID = 4D6993DD18E22E0C0073680F;
					};
				};
			};
			buildConfigurationList = 4D6993D918E22E0C0073680F /* Build configuration list for PBXProject "youtube-player-ios-example" */;
			compatibilityVersion = "Xcode 3.2";
			developmentRegion = English;
			hasScannedForEncodings = 0;
			knownRegions = (
				en,
				Base,
			);
			mainGroup = 4D6993D518E22E0C0073680F;
			productRefGroup = 4D6993DF18E22E0C0073680F /* Products */;
			projectDirPath = "";
			projectRoot = "";
			targets = (
				4D6993DD18E22E0C0073680F /* youtube-player-ios-example */,
				4D6993FE18E22E0C0073680F /* youtube-player-ios-exampleTests */,
			);
		};
/* End PBXProject section */

/* Begin PBXResourcesBuildPhase section */
		4D6993DC18E22E0C0073680F /* Resources */ = {
			isa = PBXResourcesBuildPhase;
			buildActionMask = 2147483647;
			files = (
				4D69941E18E22EE10073680F /* Main.storyboard in Resources */,
				4D6993FA18E22E0C0073680F /* Images.xcassets in Resources */,
				4D6993EC18E22E0C0073680F /* InfoPlist.strings in Resources */,
			);
			runOnlyForDeploymentPostprocessing = 0;
		};
		4D6993FD18E22E0C0073680F /* Resources */ = {
			isa = PBXResourcesBuildPhase;
			buildActionMask = 2147483647;
			files = (
				4D69940B18E22E0C0073680F /* InfoPlist.strings in Resources */,
			);
			runOnlyForDeploymentPostprocessing = 0;
		};
/* End PBXResourcesBuildPhase section */

/* Begin PBXShellScriptBuildPhase section */
		40A67310F9C54613B3075C8C /* Check Pods Manifest.lock */ = {
			isa = PBXShellScriptBuildPhase;
			buildActionMask = 2147483647;
			files = (
			);
			inputPaths = (
			);
			name = "Check Pods Manifest.lock";
			outputPaths = (
			);
			runOnlyForDeploymentPostprocessing = 0;
			shellPath = /bin/sh;
			shellScript = "diff \"${PODS_ROOT}/../Podfile.lock\" \"${PODS_ROOT}/Manifest.lock\" > /dev/null\nif [[ $? != 0 ]] ; then\n    cat << EOM\nerror: The sandbox is not in sync with the Podfile.lock. Run 'pod install' or update your CocoaPods installation.\nEOM\n    exit 1\nfi\n";
			showEnvVarsInLog = 0;
		};
		8D2FF9AA090848A181BEBD44 /* Copy Pods Resources */ = {
			isa = PBXShellScriptBuildPhase;
			buildActionMask = 2147483647;
			files = (
			);
			inputPaths = (
			);
			name = "Copy Pods Resources";
			outputPaths = (
			);
			runOnlyForDeploymentPostprocessing = 0;
			shellPath = /bin/sh;
			shellScript = "\"${SRCROOT}/Pods/Pods-resources.sh\"\n";
			showEnvVarsInLog = 0;
		};
		B16AF54440614B7BBEA8906E /* Copy Pods Resources */ = {
			isa = PBXShellScriptBuildPhase;
			buildActionMask = 2147483647;
			files = (
			);
			inputPaths = (
			);
			name = "Copy Pods Resources";
			outputPaths = (
			);
			runOnlyForDeploymentPostprocessing = 0;
			shellPath = /bin/sh;
			shellScript = "\"${SRCROOT}/Pods/Pods-youtube-player-ios-exampleTests-resources.sh\"\n";
			showEnvVarsInLog = 0;
		};
		FE80856E09B8459AAE18655D /* Check Pods Manifest.lock */ = {
			isa = PBXShellScriptBuildPhase;
			buildActionMask = 2147483647;
			files = (
			);
			inputPaths = (
			);
			name = "Check Pods Manifest.lock";
			outputPaths = (
			);
			runOnlyForDeploymentPostprocessing = 0;
			shellPath = /bin/sh;
			shellScript = "diff \"${PODS_ROOT}/../Podfile.lock\" \"${PODS_ROOT}/Manifest.lock\" > /dev/null\nif [[ $? != 0 ]] ; then\n    cat << EOM\nerror: The sandbox is not in sync with the Podfile.lock. Run 'pod install' or update your CocoaPods installation.\nEOM\n    exit 1\nfi\n";
			showEnvVarsInLog = 0;
		};
/* End PBXShellScriptBuildPhase section */

/* Begin PBXSourcesBuildPhase section */
		4D6993DA18E22E0C0073680F /* Sources */ = {
			isa = PBXSourcesBuildPhase;
			buildActionMask = 2147483647;
			files = (
				4D69942218E22F000073680F /* main.m in Sources */,
				4D69942018E22EE10073680F /* PlaylistViewController.m in Sources */,
				4D69941D18E22EE10073680F /* AppDelegate.m in Sources */,
				4D69941F18E22EE10073680F /* SingleVideoViewController.m in Sources */,
			);
			runOnlyForDeploymentPostprocessing = 0;
		};
		4D6993FB18E22E0C0073680F /* Sources */ = {
			isa = PBXSourcesBuildPhase;
			buildActionMask = 2147483647;
			files = (
				4D69940D18E22E0C0073680F /* youtube_player_ios_exampleTests.m in Sources */,
			);
			runOnlyForDeploymentPostprocessing = 0;
		};
/* End PBXSourcesBuildPhase section */

/* Begin PBXTargetDependency section */
		4D69940518E22E0C0073680F /* PBXTargetDependency */ = {
			isa = PBXTargetDependency;
			target = 4D6993DD18E22E0C0073680F /* youtube-player-ios-example */;
			targetProxy = 4D69940418E22E0C0073680F /* PBXContainerItemProxy */;
		};
/* End PBXTargetDependency section */

/* Begin PBXVariantGroup section */
		4D6993EA18E22E0C0073680F /* InfoPlist.strings */ = {
			isa = PBXVariantGroup;
			children = (
				4D6993EB18E22E0C0073680F /* en */,
			);
			name = InfoPlist.strings;
			sourceTree = "<group>";
		};
		4D69940918E22E0C0073680F /* InfoPlist.strings */ = {
			isa = PBXVariantGroup;
			children = (
				4D69940A18E22E0C0073680F /* en */,
			);
			name = InfoPlist.strings;
			sourceTree = "<group>";
		};
/* End PBXVariantGroup section */

/* Begin XCBuildConfiguration section */
		4D69940E18E22E0C0073680F /* Debug */ = {
			isa = XCBuildConfiguration;
			buildSettings = {
				ALWAYS_SEARCH_USER_PATHS = NO;
				CLANG_CXX_LANGUAGE_STANDARD = "gnu++0x";
				CLANG_CXX_LIBRARY = "libc++";
				CLANG_ENABLE_MODULES = YES;
				CLANG_ENABLE_OBJC_ARC = YES;
				CLANG_WARN_BOOL_CONVERSION = YES;
				CLANG_WARN_CONSTANT_CONVERSION = YES;
				CLANG_WARN_DIRECT_OBJC_ISA_USAGE = YES_ERROR;
				CLANG_WARN_EMPTY_BODY = YES;
				CLANG_WARN_ENUM_CONVERSION = YES;
				CLANG_WARN_INT_CONVERSION = YES;
				CLANG_WARN_OBJC_ROOT_CLASS = YES_ERROR;
				CLANG_WARN__DUPLICATE_METHOD_MATCH = YES;
				"CODE_SIGN_IDENTITY[sdk=iphoneos*]" = "iPhone Developer";
				COPY_PHASE_STRIP = NO;
				GCC_C_LANGUAGE_STANDARD = gnu99;
				GCC_DYNAMIC_NO_PIC = NO;
				GCC_OPTIMIZATION_LEVEL = 0;
				GCC_PREPROCESSOR_DEFINITIONS = (
					"DEBUG=1",
					"$(inherited)",
				);
				GCC_SYMBOLS_PRIVATE_EXTERN = NO;
				GCC_WARN_64_TO_32_BIT_CONVERSION = YES;
				GCC_WARN_ABOUT_RETURN_TYPE = YES_ERROR;
				GCC_WARN_UNDECLARED_SELECTOR = YES;
				GCC_WARN_UNINITIALIZED_AUTOS = YES_AGGRESSIVE;
				GCC_WARN_UNUSED_FUNCTION = YES;
				GCC_WARN_UNUSED_VARIABLE = YES;
				IPHONEOS_DEPLOYMENT_TARGET = 6.1;
				ONLY_ACTIVE_ARCH = YES;
				SDKROOT = iphoneos;
			};
			name = Debug;
		};
		4D69940F18E22E0C0073680F /* Release */ = {
			isa = XCBuildConfiguration;
			buildSettings = {
				ALWAYS_SEARCH_USER_PATHS = NO;
				CLANG_CXX_LANGUAGE_STANDARD = "gnu++0x";
				CLANG_CXX_LIBRARY = "libc++";
				CLANG_ENABLE_MODULES = YES;
				CLANG_ENABLE_OBJC_ARC = YES;
				CLANG_WARN_BOOL_CONVERSION = YES;
				CLANG_WARN_CONSTANT_CONVERSION = YES;
				CLANG_WARN_DIRECT_OBJC_ISA_USAGE = YES_ERROR;
				CLANG_WARN_EMPTY_BODY = YES;
				CLANG_WARN_ENUM_CONVERSION = YES;
				CLANG_WARN_INT_CONVERSION = YES;
				CLANG_WARN_OBJC_ROOT_CLASS = YES_ERROR;
				CLANG_WARN__DUPLICATE_METHOD_MATCH = YES;
				"CODE_SIGN_IDENTITY[sdk=iphoneos*]" = "iPhone Developer";
				COPY_PHASE_STRIP = YES;
				ENABLE_NS_ASSERTIONS = NO;
				GCC_C_LANGUAGE_STANDARD = gnu99;
				GCC_WARN_64_TO_32_BIT_CONVERSION = YES;
				GCC_WARN_ABOUT_RETURN_TYPE = YES_ERROR;
				GCC_WARN_UNDECLARED_SELECTOR = YES;
				GCC_WARN_UNINITIALIZED_AUTOS = YES_AGGRESSIVE;
				GCC_WARN_UNUSED_FUNCTION = YES;
				GCC_WARN_UNUSED_VARIABLE = YES;
				IPHONEOS_DEPLOYMENT_TARGET = 6.1;
				SDKROOT = iphoneos;
				VALIDATE_PRODUCT = YES;
			};
			name = Release;
		};
		4D69941118E22E0C0073680F /* Debug */ = {
			isa = XCBuildConfiguration;
			baseConfigurationReference = A6670756F2BD48C08B22B301 /* Pods.xcconfig */;
			buildSettings = {
				ASSETCATALOG_COMPILER_APPICON_NAME = AppIcon;
				ASSETCATALOG_COMPILER_LAUNCHIMAGE_NAME = LaunchImage;
				GCC_PRECOMPILE_PREFIX_HEADER = YES;
				GCC_PREFIX_HEADER = "youtube-player-ios-example/youtube-player-ios-example-Prefix.pch";
				INFOPLIST_FILE = "youtube-player-ios-example/youtube-player-ios-example-Info.plist";
				PRODUCT_NAME = "$(TARGET_NAME)";
				WRAPPER_EXTENSION = app;
			};
			name = Debug;
		};
		4D69941218E22E0C0073680F /* Release */ = {
			isa = XCBuildConfiguration;
			baseConfigurationReference = A6670756F2BD48C08B22B301 /* Pods.xcconfig */;
			buildSettings = {
				ASSETCATALOG_COMPILER_APPICON_NAME = AppIcon;
				ASSETCATALOG_COMPILER_LAUNCHIMAGE_NAME = LaunchImage;
				GCC_PRECOMPILE_PREFIX_HEADER = YES;
				GCC_PREFIX_HEADER = "youtube-player-ios-example/youtube-player-ios-example-Prefix.pch";
				INFOPLIST_FILE = "youtube-player-ios-example/youtube-player-ios-example-Info.plist";
				PRODUCT_NAME = "$(TARGET_NAME)";
				WRAPPER_EXTENSION = app;
			};
			name = Release;
		};
		4D69941418E22E0C0073680F /* Debug */ = {
			isa = XCBuildConfiguration;
			baseConfigurationReference = 107E538F00C04BB3BB937C5F /* Pods-youtube-player-ios-exampleTests.xcconfig */;
			buildSettings = {
				BUNDLE_LOADER = "$(BUILT_PRODUCTS_DIR)/youtube-player-ios-example.app/youtube-player-ios-example";
				FRAMEWORK_SEARCH_PATHS = (
					"$(SDKROOT)/Developer/Library/Frameworks",
					"$(inherited)",
					"$(DEVELOPER_FRAMEWORKS_DIR)",
				);
				GCC_PRECOMPILE_PREFIX_HEADER = YES;
				GCC_PREFIX_HEADER = "youtube-player-ios-example/youtube-player-ios-example-Prefix.pch";
				GCC_PREPROCESSOR_DEFINITIONS = (
					"DEBUG=1",
					"$(inherited)",
				);
				INFOPLIST_FILE = "youtube-player-ios-exampleTests/youtube-player-ios-exampleTests-Info.plist";
				PRODUCT_NAME = "$(TARGET_NAME)";
				TEST_HOST = "$(BUNDLE_LOADER)";
				WRAPPER_EXTENSION = xctest;
			};
			name = Debug;
		};
		4D69941518E22E0C0073680F /* Release */ = {
			isa = XCBuildConfiguration;
			baseConfigurationReference = 107E538F00C04BB3BB937C5F /* Pods-youtube-player-ios-exampleTests.xcconfig */;
			buildSettings = {
				BUNDLE_LOADER = "$(BUILT_PRODUCTS_DIR)/youtube-player-ios-example.app/youtube-player-ios-example";
				FRAMEWORK_SEARCH_PATHS = (
					"$(SDKROOT)/Developer/Library/Frameworks",
					"$(inherited)",
					"$(DEVELOPER_FRAMEWORKS_DIR)",
				);
				GCC_PRECOMPILE_PREFIX_HEADER = YES;
				GCC_PREFIX_HEADER = "youtube-player-ios-example/youtube-player-ios-example-Prefix.pch";
				INFOPLIST_FILE = "youtube-player-ios-exampleTests/youtube-player-ios-exampleTests-Info.plist";
				PRODUCT_NAME = "$(TARGET_NAME)";
				TEST_HOST = "$(BUNDLE_LOADER)";
				WRAPPER_EXTENSION = xctest;
			};
			name = Release;
		};
/* End XCBuildConfiguration section */

/* Begin XCConfigurationList section */
		4D6993D918E22E0C0073680F /* Build configuration list for PBXProject "youtube-player-ios-example" */ = {
			isa = XCConfigurationList;
			buildConfigurations = (
				4D69940E18E22E0C0073680F /* Debug */,
				4D69940F18E22E0C0073680F /* Release */,
			);
			defaultConfigurationIsVisible = 0;
			defaultConfigurationName = Release;
		};
		4D69941018E22E0C0073680F /* Build configuration list for PBXNativeTarget "youtube-player-ios-example" */ = {
			isa = XCConfigurationList;
			buildConfigurations = (
				4D69941118E22E0C0073680F /* Debug */,
				4D69941218E22E0C0073680F /* Release */,
			);
			defaultConfigurationIsVisible = 0;
			defaultConfigurationName = Release;
		};
		4D69941318E22E0C0073680F /* Build configuration list for PBXNativeTarget "youtube-player-ios-exampleTests" */ = {
			isa = XCConfigurationList;
			buildConfigurations = (
				4D69941418E22E0C0073680F /* Debug */,
				4D69941518E22E0C0073680F /* Release */,
			);
			defaultConfigurationIsVisible = 0;
			defaultConfigurationName = Release;
		};
/* End XCConfigurationList section */
	};
	rootObject = 4D6993D618E22E0C0073680F /* Project object */;
}
