// !$*UTF8*$!
{
	archiveVersion = 1;
	classes = {
	};
	objectVersion = 46;
	objects = {

/* Begin PBXBuildFile section */
		804D45F01D097B9200926976 /* SampleFramework.podspec in Resources */ = {isa = PBXBuildFile; fileRef = 804D45EF1D097B9200926976 /* SampleFramework.podspec */; };
		80ED50381D07EAEB0060CCE0 /* SampleFramework.h in Headers */ = {isa = PBXBuildFile; fileRef = 80ED50371D07EAEB0060CCE0 /* SampleFramework.h */; settings = {ATTRIBUTES = (Public, ); }; };
		80ED503F1D07EAEB0060CCE0 /* SampleFramework.framework in Frameworks */ = {isa = PBXBuildFile; fileRef = 80ED50341D07EAEB0060CCE0 /* SampleFramework.framework */; };
		80ED50441D07EAEB0060CCE0 /* SampleFrameworkTests.m in Sources */ = {isa = PBXBuildFile; fileRef = 80ED50431D07EAEB0060CCE0 /* SampleFrameworkTests.m */; };
		80ED50501D07EB060060CCE0 /* StringUtility.h in Headers */ = {isa = PBXBuildFile; fileRef = 80ED504E1D07EB060060CCE0 /* StringUtility.h */; settings = {ATTRIBUTES = (Public, ); }; };
		80ED50511D07EB060060CCE0 /* StringUtility.m in Sources */ = {isa = PBXBuildFile; fileRef = 80ED504F1D07EB060060CCE0 /* StringUtility.m */; };
/* End PBXBuildFile section */

/* Begin PBXContainerItemProxy section */
		80ED50401D07EAEB0060CCE0 /* PBXContainerItemProxy */ = {
			isa = PBXContainerItemProxy;
			containerPortal = 80ED502B1D07EAEB0060CCE0 /* Project object */;
			proxyType = 1;
			remoteGlobalIDString = 80ED50331D07EAEB0060CCE0;
			remoteInfo = SampleFramework;
		};
/* End PBXContainerItemProxy section */

/* Begin PBXFileReference section */
		804D45EF1D097B9200926976 /* SampleFramework.podspec */ = {isa = PBXFileReference; fileEncoding = 4; lastKnownFileType = text; path = SampleFramework.podspec; sourceTree = "<group>"; };
		80ED50341D07EAEB0060CCE0 /* SampleFramework.framework */ = {isa = PBXFileReference; explicitFileType = wrapper.framework; includeInIndex = 0; path = SampleFramework.framework; sourceTree = BUILT_PRODUCTS_DIR; };
		80ED50371D07EAEB0060CCE0 /* SampleFramework.h */ = {isa = PBXFileReference; lastKnownFileType = sourcecode.c.h; path = SampleFramework.h; sourceTree = "<group>"; };
		80ED50391D07EAEB0060CCE0 /* Info.plist */ = {isa = PBXFileReference; lastKnownFileType = text.plist.xml; path = Info.plist; sourceTree = "<group>"; };
		80ED503E1D07EAEB0060CCE0 /* SampleFrameworkTests.xctest */ = {isa = PBXFileReference; explicitFileType = wrapper.cfbundle; includeInIndex = 0; path = SampleFrameworkTests.xctest; sourceTree = BUILT_PRODUCTS_DIR; };
		80ED50431D07EAEB0060CCE0 /* SampleFrameworkTests.m */ = {isa = PBXFileReference; lastKnownFileType = sourcecode.c.objc; path = SampleFrameworkTests.m; sourceTree = "<group>"; };
		80ED50451D07EAEB0060CCE0 /* Info.plist */ = {isa = PBXFileReference; lastKnownFileType = text.plist.xml; path = Info.plist; sourceTree = "<group>"; };
		80ED504E1D07EB060060CCE0 /* StringUtility.h */ = {isa = PBXFileReference; fileEncoding = 4; lastKnownFileType = sourcecode.c.h; path = StringUtility.h; sourceTree = "<group>"; };
		80ED504F1D07EB060060CCE0 /* StringUtility.m */ = {isa = PBXFileReference; fileEncoding = 4; lastKnownFileType = sourcecode.c.objc; path = StringUtility.m; sourceTree = "<group>"; };
/* End PBXFileReference section */

/* Begin PBXFrameworksBuildPhase section */
		80ED50301D07EAEB0060CCE0 /* Frameworks */ = {
			isa = PBXFrameworksBuildPhase;
			buildActionMask = 2147483647;
			files = (
			);
			runOnlyForDeploymentPostprocessing = 0;
		};
		80ED503B1D07EAEB0060CCE0 /* Frameworks */ = {
			isa = PBXFrameworksBuildPhase;
			buildActionMask = 2147483647;
			files = (
				80ED503F1D07EAEB0060CCE0 /* SampleFramework.framework in Frameworks */,
			);
			runOnlyForDeploymentPostprocessing = 0;
		};
/* End PBXFrameworksBuildPhase section */

/* Begin PBXGroup section */
		80ED502A1D07EAEB0060CCE0 = {
			isa = PBXGroup;
			children = (
				804D45EF1D097B9200926976 /* SampleFramework.podspec */,
				80ED50361D07EAEB0060CCE0 /* SampleFramework */,
				80ED50421D07EAEB0060CCE0 /* SampleFrameworkTests */,
				80ED50351D07EAEB0060CCE0 /* Products */,
			);
			sourceTree = "<group>";
		};
		80ED50351D07EAEB0060CCE0 /* Products */ = {
			isa = PBXGroup;
			children = (
				80ED50341D07EAEB0060CCE0 /* SampleFramework.framework */,
				80ED503E1D07EAEB0060CCE0 /* SampleFrameworkTests.xctest */,
			);
			name = Products;
			sourceTree = "<group>";
		};
		80ED50361D07EAEB0060CCE0 /* SampleFramework */ = {
			isa = PBXGroup;
			children = (
				80ED50371D07EAEB0060CCE0 /* SampleFramework.h */,
				80ED50391D07EAEB0060CCE0 /* Info.plist */,
				80ED504E1D07EB060060CCE0 /* StringUtility.h */,
				80ED504F1D07EB060060CCE0 /* StringUtility.m */,
			);
			path = SampleFramework;
			sourceTree = "<group>";
		};
		80ED50421D07EAEB0060CCE0 /* SampleFrameworkTests */ = {
			isa = PBXGroup;
			children = (
				80ED50431D07EAEB0060CCE0 /* SampleFrameworkTests.m */,
				80ED50451D07EAEB0060CCE0 /* Info.plist */,
			);
			path = SampleFrameworkTests;
			sourceTree = "<group>";
		};
/* End PBXGroup section */

/* Begin PBXHeadersBuildPhase section */
		80ED50311D07EAEB0060CCE0 /* Headers */ = {
			isa = PBXHeadersBuildPhase;
			buildActionMask = 2147483647;
			files = (
				80ED50501D07EB060060CCE0 /* StringUtility.h in Headers */,
				80ED50381D07EAEB0060CCE0 /* SampleFramework.h in Headers */,
			);
			runOnlyForDeploymentPostprocessing = 0;
		};
/* End PBXHeadersBuildPhase section */

/* Begin PBXNativeTarget section */
		80ED50331D07EAEB0060CCE0 /* SampleFramework */ = {
			isa = PBXNativeTarget;
			buildConfigurationList = 80ED50481D07EAEB0060CCE0 /* Build configuration list for PBXNativeTarget "SampleFramework" */;
			buildPhases = (
				80ED502F1D07EAEB0060CCE0 /* Sources */,
				80ED50301D07EAEB0060CCE0 /* Frameworks */,
				80ED50311D07EAEB0060CCE0 /* Headers */,
				80ED50321D07EAEB0060CCE0 /* Resources */,
				800A44B11D0A79A4003880A8 /* ShellScript */,
			);
			buildRules = (
			);
			dependencies = (
			);
			name = SampleFramework;
			productName = SampleFramework;
			productReference = 80ED50341D07EAEB0060CCE0 /* SampleFramework.framework */;
			productType = "com.apple.product-type.framework";
		};
		80ED503D1D07EAEB0060CCE0 /* SampleFrameworkTests */ = {
			isa = PBXNativeTarget;
			buildConfigurationList = 80ED504B1D07EAEB0060CCE0 /* Build configuration list for PBXNativeTarget "SampleFrameworkTests" */;
			buildPhases = (
				80ED503A1D07EAEB0060CCE0 /* Sources */,
				80ED503B1D07EAEB0060CCE0 /* Frameworks */,
				80ED503C1D07EAEB0060CCE0 /* Resources */,
			);
			buildRules = (
			);
			dependencies = (
				80ED50411D07EAEB0060CCE0 /* PBXTargetDependency */,
			);
			name = SampleFrameworkTests;
			productName = SampleFrameworkTests;
			productReference = 80ED503E1D07EAEB0060CCE0 /* SampleFrameworkTests.xctest */;
			productType = "com.apple.product-type.bundle.unit-test";
		};
/* End PBXNativeTarget section */

/* Begin PBXProject section */
		80ED502B1D07EAEB0060CCE0 /* Project object */ = {
			isa = PBXProject;
			attributes = {
				LastUpgradeCheck = 0720;
				ORGANIZATIONNAME = "VS-Deepika-MacBookPro";
				TargetAttributes = {
					80ED50331D07EAEB0060CCE0 = {
						CreatedOnToolsVersion = 7.2;
					};
					80ED503D1D07EAEB0060CCE0 = {
						CreatedOnToolsVersion = 7.2;
					};
				};
			};
			buildConfigurationList = 80ED502E1D07EAEB0060CCE0 /* Build configuration list for PBXProject "SampleFramework" */;
			compatibilityVersion = "Xcode 3.2";
			developmentRegion = English;
			hasScannedForEncodings = 0;
			knownRegions = (
				en,
			);
			mainGroup = 80ED502A1D07EAEB0060CCE0;
			productRefGroup = 80ED50351D07EAEB0060CCE0 /* Products */;
			projectDirPath = "";
			projectRoot = "";
			targets = (
				80ED50331D07EAEB0060CCE0 /* SampleFramework */,
				80ED503D1D07EAEB0060CCE0 /* SampleFrameworkTests */,
			);
		};
/* End PBXProject section */

/* Begin PBXResourcesBuildPhase section */
		80ED50321D07EAEB0060CCE0 /* Resources */ = {
			isa = PBXResourcesBuildPhase;
			buildActionMask = 2147483647;
			files = (
				804D45F01D097B9200926976 /* SampleFramework.podspec in Resources */,
			);
			runOnlyForDeploymentPostprocessing = 0;
		};
		80ED503C1D07EAEB0060CCE0 /* Resources */ = {
			isa = PBXResourcesBuildPhase;
			buildActionMask = 2147483647;
			files = (
			);
			runOnlyForDeploymentPostprocessing = 0;
		};
/* End PBXResourcesBuildPhase section */

/* Begin PBXShellScriptBuildPhase section */
		800A44B11D0A79A4003880A8 /* ShellScript */ = {
			isa = PBXShellScriptBuildPhase;
			buildActionMask = 2147483647;
			files = (
			);
			inputPaths = (
			);
			outputPaths = (
			);
			runOnlyForDeploymentPostprocessing = 0;
			shellPath = /bin/sh;
			shellScript = "set -e\nset +u\n# Avoid recursively calling this script.\nif [[ $SF_MASTER_SCRIPT_RUNNING ]]\nthen\nexit 0\nfi\nset -u\nexport SF_MASTER_SCRIPT_RUNNING=1\n\n\n# Constants\nSF_TARGET_NAME=${PROJECT_NAME}\nUNIVERSAL_OUTPUTFOLDER=${BUILD_DIR}/${CONFIGURATION}-universal\n\n# Take build target\nif [[ \"$SDK_NAME\" =~ ([A-Za-z]+) ]]\nthen\nSF_SDK_PLATFORM=${BASH_REMATCH[1]}\nelse\necho \"Could not find platform name from SDK_NAME: $SDK_NAME\"\nexit 1\nfi\n\nif [[ \"$SF_SDK_PLATFORM\" = \"iphoneos\" ]]\nthen\necho \"Please choose iPhone simulator as the build target.\"\nexit 1\nfi\n\nIPHONE_DEVICE_BUILD_DIR=${BUILD_DIR}/${CONFIGURATION}-iphoneos\n\n# Build the other (non-simulator) platform\nxcodebuild -project \"${PROJECT_FILE_PATH}\" -target \"${TARGET_NAME}\" -configuration \"${CONFIGURATION}\" -sdk iphoneos BUILD_DIR=\"${BUILD_DIR}\" OBJROOT=\"${OBJROOT}\" BUILD_ROOT=\"${BUILD_ROOT}\" CONFIGURATION_BUILD_DIR=\"${IPHONE_DEVICE_BUILD_DIR}/arm64\" SYMROOT=\"${SYMROOT}\" ARCHS='arm64' VALID_ARCHS='arm64' $ACTION\n\nxcodebuild -project \"${PROJECT_FILE_PATH}\" -target \"${TARGET_NAME}\" -configuration \"${CONFIGURATION}\" -sdk iphoneos BUILD_DIR=\"${BUILD_DIR}\" OBJROOT=\"${OBJROOT}\" BUILD_ROOT=\"${BUILD_ROOT}\"  CONFIGURATION_BUILD_DIR=\"${IPHONE_DEVICE_BUILD_DIR}/armv7\" SYMROOT=\"${SYMROOT}\" ARCHS='armv7 armv7s' VALID_ARCHS='armv7 armv7s' $ACTION\n\n# Copy the framework structure to the universal folder (clean it first)\nrm -rf \"${UNIVERSAL_OUTPUTFOLDER}\"\nmkdir -p \"${UNIVERSAL_OUTPUTFOLDER}\"\ncp -R \"${BUILD_DIR}/${CONFIGURATION}-iphonesimulator/${PROJECT_NAME}.framework\" \"${UNIVERSAL_OUTPUTFOLDER}/${PROJECT_NAME}.framework\"\n\n# Smash them together to combine all architectures\nlipo -create  \"${BUILD_DIR}/${CONFIGURATION}-iphonesimulator/${PROJECT_NAME}.framework/${PROJECT_NAME}\" \"${BUILD_DIR}/${CONFIGURATION}-iphoneos/arm64/${PROJECT_NAME}.framework/${PROJECT_NAME}\" \"${BUILD_DIR}/${CONFIGURATION}-iphoneos/armv7/${PROJECT_NAME}.framework/${PROJECT_NAME}\" -output \"${UNIVERSAL_OUTPUTFOLDER}/${PROJECT_NAME}.framework/${PROJECT_NAME}\"";
		};
/* End PBXShellScriptBuildPhase section */

/* Begin PBXSourcesBuildPhase section */
		80ED502F1D07EAEB0060CCE0 /* Sources */ = {
			isa = PBXSourcesBuildPhase;
			buildActionMask = 2147483647;
			files = (
				80ED50511D07EB060060CCE0 /* StringUtility.m in Sources */,
			);
			runOnlyForDeploymentPostprocessing = 0;
		};
		80ED503A1D07EAEB0060CCE0 /* Sources */ = {
			isa = PBXSourcesBuildPhase;
			buildActionMask = 2147483647;
			files = (
				80ED50441D07EAEB0060CCE0 /* SampleFrameworkTests.m in Sources */,
			);
			runOnlyForDeploymentPostprocessing = 0;
		};
/* End PBXSourcesBuildPhase section */

/* Begin PBXTargetDependency section */
		80ED50411D07EAEB0060CCE0 /* PBXTargetDependency */ = {
			isa = PBXTargetDependency;
			target = 80ED50331D07EAEB0060CCE0 /* SampleFramework */;
			targetProxy = 80ED50401D07EAEB0060CCE0 /* PBXContainerItemProxy */;
		};
/* End PBXTargetDependency section */

/* Begin XCBuildConfiguration section */
		80ED50461D07EAEB0060CCE0 /* Debug */ = {
			isa = XCBuildConfiguration;
			buildSettings = {
				ALWAYS_SEARCH_USER_PATHS = NO;
				CLANG_CXX_LANGUAGE_STANDARD = "gnu++0x";
				CLANG_CXX_LIBRARY = "libc++";
				CLANG_ENABLE_MODULES = YES;
				CLANG_ENABLE_OBJC_ARC = YES;
				CLANG_WARN_BOOL_CONVERSION = YES;
				CLANG_WARN_CONSTANT_CONVERSION = YES;
				CLANG_WARN_DIRECT_OBJC_ISA_USAGE = YES_ERROR;
				CLANG_WARN_EMPTY_BODY = YES;
				CLANG_WARN_ENUM_CONVERSION = YES;
				CLANG_WARN_INT_CONVERSION = YES;
				CLANG_WARN_OBJC_ROOT_CLASS = YES_ERROR;
				CLANG_WARN_UNREACHABLE_CODE = YES;
				CLANG_WARN__DUPLICATE_METHOD_MATCH = YES;
				"CODE_SIGN_IDENTITY[sdk=iphoneos*]" = "iPhone Developer";
				COPY_PHASE_STRIP = NO;
				CURRENT_PROJECT_VERSION = 1;
				DEBUG_INFORMATION_FORMAT = dwarf;
				ENABLE_STRICT_OBJC_MSGSEND = YES;
				ENABLE_TESTABILITY = YES;
				GCC_C_LANGUAGE_STANDARD = gnu99;
				GCC_DYNAMIC_NO_PIC = NO;
				GCC_NO_COMMON_BLOCKS = YES;
				GCC_OPTIMIZATION_LEVEL = 0;
				GCC_PREPROCESSOR_DEFINITIONS = (
					"DEBUG=1",
					"$(inherited)",
				);
				GCC_WARN_64_TO_32_BIT_CONVERSION = YES;
				GCC_WARN_ABOUT_RETURN_TYPE = YES_ERROR;
				GCC_WARN_UNDECLARED_SELECTOR = YES;
				GCC_WARN_UNINITIALIZED_AUTOS = YES_AGGRESSIVE;
				GCC_WARN_UNUSED_FUNCTION = YES;
				GCC_WARN_UNUSED_VARIABLE = YES;
				IPHONEOS_DEPLOYMENT_TARGET = 9.2;
				MTL_ENABLE_DEBUG_INFO = YES;
				ONLY_ACTIVE_ARCH = NO;
				SDKROOT = iphoneos;
				TARGETED_DEVICE_FAMILY = "1,2";
				VERSIONING_SYSTEM = "apple-generic";
				VERSION_INFO_PREFIX = "";
			};
			name = Debug;
		};
		80ED50471D07EAEB0060CCE0 /* Release */ = {
			isa = XCBuildConfiguration;
			buildSettings = {
				ALWAYS_SEARCH_USER_PATHS = NO;
				CLANG_CXX_LANGUAGE_STANDARD = "gnu++0x";
				CLANG_CXX_LIBRARY = "libc++";
				CLANG_ENABLE_MODULES = YES;
				CLANG_ENABLE_OBJC_ARC = YES;
				CLANG_WARN_BOOL_CONVERSION = YES;
				CLANG_WARN_CONSTANT_CONVERSION = YES;
				CLANG_WARN_DIRECT_OBJC_ISA_USAGE = YES_ERROR;
				CLANG_WARN_EMPTY_BODY = YES;
				CLANG_WARN_ENUM_CONVERSION = YES;
				CLANG_WARN_INT_CONVERSION = YES;
				CLANG_WARN_OBJC_ROOT_CLASS = YES_ERROR;
				CLANG_WARN_UNREACHABLE_CODE = YES;
				CLANG_WARN__DUPLICATE_METHOD_MATCH = YES;
				"CODE_SIGN_IDENTITY[sdk=iphoneos*]" = "iPhone Developer";
				COPY_PHASE_STRIP = NO;
				CURRENT_PROJECT_VERSION = 1;
				DEBUG_INFORMATION_FORMAT = "dwarf-with-dsym";
				ENABLE_NS_ASSERTIONS = NO;
				ENABLE_STRICT_OBJC_MSGSEND = YES;
				GCC_C_LANGUAGE_STANDARD = gnu99;
				GCC_NO_COMMON_BLOCKS = YES;
				GCC_WARN_64_TO_32_BIT_CONVERSION = YES;
				GCC_WARN_ABOUT_RETURN_TYPE = YES_ERROR;
				GCC_WARN_UNDECLARED_SELECTOR = YES;
				GCC_WARN_UNINITIALIZED_AUTOS = YES_AGGRESSIVE;
				GCC_WARN_UNUSED_FUNCTION = YES;
				GCC_WARN_UNUSED_VARIABLE = YES;
				IPHONEOS_DEPLOYMENT_TARGET = 9.2;
				MTL_ENABLE_DEBUG_INFO = NO;
				SDKROOT = iphoneos;
				TARGETED_DEVICE_FAMILY = "1,2";
				VALIDATE_PRODUCT = YES;
				VERSIONING_SYSTEM = "apple-generic";
				VERSION_INFO_PREFIX = "";
			};
			name = Release;
		};
		80ED50491D07EAEB0060CCE0 /* Debug */ = {
			isa = XCBuildConfiguration;
			buildSettings = {
				DEFINES_MODULE = YES;
				DYLIB_COMPATIBILITY_VERSION = 1;
				DYLIB_CURRENT_VERSION = 1;
				DYLIB_INSTALL_NAME_BASE = "@rpath";
				INFOPLIST_FILE = SampleFramework/Info.plist;
				INSTALL_PATH = "$(LOCAL_LIBRARY_DIR)/Frameworks";
				LD_RUNPATH_SEARCH_PATHS = "$(inherited) @executable_path/Frameworks @loader_path/Frameworks";
				ONLY_ACTIVE_ARCH = NO;
				PRODUCT_BUNDLE_IDENTIFIER = com.vs.SampleFramework;
				PRODUCT_NAME = "$(TARGET_NAME)";
				SKIP_INSTALL = YES;
			};
			name = Debug;
		};
		80ED504A1D07EAEB0060CCE0 /* Release */ = {
			isa = XCBuildConfiguration;
			buildSettings = {
				DEFINES_MODULE = YES;
				DYLIB_COMPATIBILITY_VERSION = 1;
				DYLIB_CURRENT_VERSION = 1;
				DYLIB_INSTALL_NAME_BASE = "@rpath";
				INFOPLIST_FILE = SampleFramework/Info.plist;
				INSTALL_PATH = "$(LOCAL_LIBRARY_DIR)/Frameworks";
				LD_RUNPATH_SEARCH_PATHS = "$(inherited) @executable_path/Frameworks @loader_path/Frameworks";
				PRODUCT_BUNDLE_IDENTIFIER = com.vs.SampleFramework;
				PRODUCT_NAME = "$(TARGET_NAME)";
				SKIP_INSTALL = YES;
			};
			name = Release;
		};
		80ED504C1D07EAEB0060CCE0 /* Debug */ = {
			isa = XCBuildConfiguration;
			buildSettings = {
				INFOPLIST_FILE = SampleFrameworkTests/Info.plist;
				LD_RUNPATH_SEARCH_PATHS = "$(inherited) @executable_path/Frameworks @loader_path/Frameworks";
				PRODUCT_BUNDLE_IDENTIFIER = com.vs.SampleFrameworkTests;
				PRODUCT_NAME = "$(TARGET_NAME)";
			};
			name = Debug;
		};
		80ED504D1D07EAEB0060CCE0 /* Release */ = {
			isa = XCBuildConfiguration;
			buildSettings = {
				INFOPLIST_FILE = SampleFrameworkTests/Info.plist;
				LD_RUNPATH_SEARCH_PATHS = "$(inherited) @executable_path/Frameworks @loader_path/Frameworks";
				PRODUCT_BUNDLE_IDENTIFIER = com.vs.SampleFrameworkTests;
				PRODUCT_NAME = "$(TARGET_NAME)";
			};
			name = Release;
		};
/* End XCBuildConfiguration section */

/* Begin XCConfigurationList section */
		80ED502E1D07EAEB0060CCE0 /* Build configuration list for PBXProject "SampleFramework" */ = {
			isa = XCConfigurationList;
			buildConfigurations = (
				80ED50461D07EAEB0060CCE0 /* Debug */,
				80ED50471D07EAEB0060CCE0 /* Release */,
			);
			defaultConfigurationIsVisible = 0;
			defaultConfigurationName = Release;
		};
		80ED50481D07EAEB0060CCE0 /* Build configuration list for PBXNativeTarget "SampleFramework" */ = {
			isa = XCConfigurationList;
			buildConfigurations = (
				80ED50491D07EAEB0060CCE0 /* Debug */,
				80ED504A1D07EAEB0060CCE0 /* Release */,
			);
			defaultConfigurationIsVisible = 0;
			defaultConfigurationName = Release;
		};
		80ED504B1D07EAEB0060CCE0 /* Build configuration list for PBXNativeTarget "SampleFrameworkTests" */ = {
			isa = XCConfigurationList;
			buildConfigurations = (
				80ED504C1D07EAEB0060CCE0 /* Debug */,
				80ED504D1D07EAEB0060CCE0 /* Release */,
			);
			defaultConfigurationIsVisible = 0;
			defaultConfigurationName = Release;
		};
/* End XCConfigurationList section */
	};
	rootObject = 80ED502B1D07EAEB0060CCE0 /* Project object */;
}
