PODS:
  - OCMock (2.2.3)
  - YouTube-Player-iOS-Helper (0.1.0)

DEPENDENCIES:
  - OCMock (= 2.2.3)
  - YouTube-Player-iOS-Helper (from `../../YouTube-Player-iOS-Helper.podspec`)

EXTERNAL SOURCES:
  YouTube-Player-iOS-Helper:
    :path: ../../YouTube-Player-iOS-Helper.podspec

SPEC CHECKSUMS:
  OCMock: 74e4ddbcef134170dcc844f91c691f13868075d7
  YouTube-Player-iOS-Helper: 4178f4492557ddedf39d0c0e2b89dae84c0d8b01

COCOAPODS: 0.29.0
