// !$*UTF8*$!
{
	archiveVersion = 1;
	classes = {
	};
	objectVersion = 46;
	objects = {

/* Begin PBXBuildFile section */
		C0E651C318F8900500E0AA15 /* Foundation.framework in Frameworks */ = {isa = PBXBuildFile; fileRef = C0E651C218F8900500E0AA15 /* Foundation.framework */; };
		C0E651C518F8900500E0AA15 /* CoreGraphics.framework in Frameworks */ = {isa = PBXBuildFile; fileRef = C0E651C418F8900500E0AA15 /* CoreGraphics.framework */; };
		C0E651C718F8900500E0AA15 /* UIKit.framework in Frameworks */ = {isa = PBXBuildFile; fileRef = C0E651C618F8900500E0AA15 /* UIKit.framework */; };
		C0E651CD18F8900500E0AA15 /* InfoPlist.strings in Resources */ = {isa = PBXBuildFile; fileRef = C0E651CB18F8900500E0AA15 /* InfoPlist.strings */; };
		C0E651CF18F8900500E0AA15 /* main.m in Sources */ = {isa = PBXBuildFile; fileRef = C0E651CE18F8900500E0AA15 /* main.m */; };
		C0E651D318F8900500E0AA15 /* RGBEXAppDelegate.m in Sources */ = {isa = PBXBuildFile; fileRef = C0E651D218F8900500E0AA15 /* RGBEXAppDelegate.m */; };
		C0E651D618F8900500E0AA15 /* Main.storyboard in Resources */ = {isa = PBXBuildFile; fileRef = C0E651D418F8900500E0AA15 /* Main.storyboard */; };
		C0E651D918F8900500E0AA15 /* RGBEXViewController.m in Sources */ = {isa = PBXBuildFile; fileRef = C0E651D818F8900500E0AA15 /* RGBEXViewController.m */; };
		C0E651DB18F8900500E0AA15 /* Images.xcassets in Resources */ = {isa = PBXBuildFile; fileRef = C0E651DA18F8900500E0AA15 /* Images.xcassets */; };
		C0E651E218F8900500E0AA15 /* XCTest.framework in Frameworks */ = {isa = PBXBuildFile; fileRef = C0E651E118F8900500E0AA15 /* XCTest.framework */; };
		C0E651E318F8900500E0AA15 /* Foundation.framework in Frameworks */ = {isa = PBXBuildFile; fileRef = C0E651C218F8900500E0AA15 /* Foundation.framework */; };
		C0E651E418F8900500E0AA15 /* UIKit.framework in Frameworks */ = {isa = PBXBuildFile; fileRef = C0E651C618F8900500E0AA15 /* UIKit.framework */; };
		C0E651EC18F8900500E0AA15 /* InfoPlist.strings in Resources */ = {isa = PBXBuildFile; fileRef = C0E651EA18F8900500E0AA15 /* InfoPlist.strings */; };
		C0E651EE18F8900500E0AA15 /* RGBColorSliderExampleTests.m in Sources */ = {isa = PBXBuildFile; fileRef = C0E651ED18F8900500E0AA15 /* RGBColorSliderExampleTests.m */; };
		C0E651FE18F8920200E0AA15 /* RGBColorSlider.m in Sources */ = {isa = PBXBuildFile; fileRef = C0E651FB18F8920200E0AA15 /* RGBColorSlider.m */; };
		C0E651FF18F8920200E0AA15 /* RGBColorSliderDelegate.m in Sources */ = {isa = PBXBuildFile; fileRef = C0E651FD18F8920200E0AA15 /* RGBColorSliderDelegate.m */; };
/* End PBXBuildFile section */

/* Begin PBXContainerItemProxy section */
		C0E651E518F8900500E0AA15 /* PBXContainerItemProxy */ = {
			isa = PBXContainerItemProxy;
			containerPortal = C0E651B718F8900500E0AA15 /* Project object */;
			proxyType = 1;
			remoteGlobalIDString = C0E651BE18F8900500E0AA15;
			remoteInfo = RGBColorSliderExample;
		};
/* End PBXContainerItemProxy section */

/* Begin PBXFileReference section */
		C0E651BF18F8900500E0AA15 /* RGBColorSliderExample.app */ = {isa = PBXFileReference; explicitFileType = wrapper.application; includeInIndex = 0; path = RGBColorSliderExample.app; sourceTree = BUILT_PRODUCTS_DIR; };
		C0E651C218F8900500E0AA15 /* Foundation.framework */ = {isa = PBXFileReference; lastKnownFileType = wrapper.framework; name = Foundation.framework; path = System/Library/Frameworks/Foundation.framework; sourceTree = SDKROOT; };
		C0E651C418F8900500E0AA15 /* CoreGraphics.framework */ = {isa = PBXFileReference; lastKnownFileType = wrapper.framework; name = CoreGraphics.framework; path = System/Library/Frameworks/CoreGraphics.framework; sourceTree = SDKROOT; };
		C0E651C618F8900500E0AA15 /* UIKit.framework */ = {isa = PBXFileReference; lastKnownFileType = wrapper.framework; name = UIKit.framework; path = System/Library/Frameworks/UIKit.framework; sourceTree = SDKROOT; };
		C0E651CA18F8900500E0AA15 /* RGBColorSliderExample-Info.plist */ = {isa = PBXFileReference; lastKnownFileType = text.plist.xml; path = "RGBColorSliderExample-Info.plist"; sourceTree = "<group>"; };
		C0E651CC18F8900500E0AA15 /* en */ = {isa = PBXFileReference; lastKnownFileType = text.plist.strings; name = en; path = en.lproj/InfoPlist.strings; sourceTree = "<group>"; };
		C0E651CE18F8900500E0AA15 /* main.m */ = {isa = PBXFileReference; lastKnownFileType = sourcecode.c.objc; path = main.m; sourceTree = "<group>"; };
		C0E651D018F8900500E0AA15 /* RGBColorSliderExample-Prefix.pch */ = {isa = PBXFileReference; lastKnownFileType = sourcecode.c.h; path = "RGBColorSliderExample-Prefix.pch"; sourceTree = "<group>"; };
		C0E651D118F8900500E0AA15 /* RGBEXAppDelegate.h */ = {isa = PBXFileReference; lastKnownFileType = sourcecode.c.h; path = RGBEXAppDelegate.h; sourceTree = "<group>"; };
		C0E651D218F8900500E0AA15 /* RGBEXAppDelegate.m */ = {isa = PBXFileReference; lastKnownFileType = sourcecode.c.objc; path = RGBEXAppDelegate.m; sourceTree = "<group>"; };
		C0E651D518F8900500E0AA15 /* Base */ = {isa = PBXFileReference; lastKnownFileType = file.storyboard; name = Base; path = Base.lproj/Main.storyboard; sourceTree = "<group>"; };
		C0E651D718F8900500E0AA15 /* RGBEXViewController.h */ = {isa = PBXFileReference; lastKnownFileType = sourcecode.c.h; path = RGBEXViewController.h; sourceTree = "<group>"; };
		C0E651D818F8900500E0AA15 /* RGBEXViewController.m */ = {isa = PBXFileReference; lastKnownFileType = sourcecode.c.objc; path = RGBEXViewController.m; sourceTree = "<group>"; };
		C0E651DA18F8900500E0AA15 /* Images.xcassets */ = {isa = PBXFileReference; lastKnownFileType = folder.assetcatalog; path = Images.xcassets; sourceTree = "<group>"; };
		C0E651E018F8900500E0AA15 /* RGBColorSliderExampleTests.xctest */ = {isa = PBXFileReference; explicitFileType = wrapper.cfbundle; includeInIndex = 0; path = RGBColorSliderExampleTests.xctest; sourceTree = BUILT_PRODUCTS_DIR; };
		C0E651E118F8900500E0AA15 /* XCTest.framework */ = {isa = PBXFileReference; lastKnownFileType = wrapper.framework; name = XCTest.framework; path = Library/Frameworks/XCTest.framework; sourceTree = DEVELOPER_DIR; };
		C0E651E918F8900500E0AA15 /* RGBColorSliderExampleTests-Info.plist */ = {isa = PBXFileReference; lastKnownFileType = text.plist.xml; path = "RGBColorSliderExampleTests-Info.plist"; sourceTree = "<group>"; };
		C0E651EB18F8900500E0AA15 /* en */ = {isa = PBXFileReference; lastKnownFileType = text.plist.strings; name = en; path = en.lproj/InfoPlist.strings; sourceTree = "<group>"; };
		C0E651ED18F8900500E0AA15 /* RGBColorSliderExampleTests.m */ = {isa = PBXFileReference; lastKnownFileType = sourcecode.c.objc; path = RGBColorSliderExampleTests.m; sourceTree = "<group>"; };
		C0E651FA18F8920200E0AA15 /* RGBColorSlider.h */ = {isa = PBXFileReference; fileEncoding = 4; lastKnownFileType = sourcecode.c.h; path = RGBColorSlider.h; sourceTree = "<group>"; };
		C0E651FB18F8920200E0AA15 /* RGBColorSlider.m */ = {isa = PBXFileReference; fileEncoding = 4; lastKnownFileType = sourcecode.c.objc; path = RGBColorSlider.m; sourceTree = "<group>"; };
		C0E651FC18F8920200E0AA15 /* RGBColorSliderDelegate.h */ = {isa = PBXFileReference; fileEncoding = 4; lastKnownFileType = sourcecode.c.h; path = RGBColorSliderDelegate.h; sourceTree = "<group>"; };
		C0E651FD18F8920200E0AA15 /* RGBColorSliderDelegate.m */ = {isa = PBXFileReference; fileEncoding = 4; lastKnownFileType = sourcecode.c.objc; path = RGBColorSliderDelegate.m; sourceTree = "<group>"; };
/* End PBXFileReference section */

/* Begin PBXFrameworksBuildPhase section */
		C0E651BC18F8900500E0AA15 /* Frameworks */ = {
			isa = PBXFrameworksBuildPhase;
			buildActionMask = 2147483647;
			files = (
				C0E651C518F8900500E0AA15 /* CoreGraphics.framework in Frameworks */,
				C0E651C718F8900500E0AA15 /* UIKit.framework in Frameworks */,
				C0E651C318F8900500E0AA15 /* Foundation.framework in Frameworks */,
			);
			runOnlyForDeploymentPostprocessing = 0;
		};
		C0E651DD18F8900500E0AA15 /* Frameworks */ = {
			isa = PBXFrameworksBuildPhase;
			buildActionMask = 2147483647;
			files = (
				C0E651E218F8900500E0AA15 /* XCTest.framework in Frameworks */,
				C0E651E418F8900500E0AA15 /* UIKit.framework in Frameworks */,
				C0E651E318F8900500E0AA15 /* Foundation.framework in Frameworks */,
			);
			runOnlyForDeploymentPostprocessing = 0;
		};
/* End PBXFrameworksBuildPhase section */

/* Begin PBXGroup section */
		C0E651B618F8900500E0AA15 = {
			isa = PBXGroup;
			children = (
				C0E651C818F8900500E0AA15 /* RGBColorSliderExample */,
				C0E651E718F8900500E0AA15 /* RGBColorSliderExampleTests */,
				C0E651C118F8900500E0AA15 /* Frameworks */,
				C0E651C018F8900500E0AA15 /* Products */,
			);
			sourceTree = "<group>";
		};
		C0E651C018F8900500E0AA15 /* Products */ = {
			isa = PBXGroup;
			children = (
				C0E651BF18F8900500E0AA15 /* RGBColorSliderExample.app */,
				C0E651E018F8900500E0AA15 /* RGBColorSliderExampleTests.xctest */,
			);
			name = Products;
			sourceTree = "<group>";
		};
		C0E651C118F8900500E0AA15 /* Frameworks */ = {
			isa = PBXGroup;
			children = (
				C0E651C218F8900500E0AA15 /* Foundation.framework */,
				C0E651C418F8900500E0AA15 /* CoreGraphics.framework */,
				C0E651C618F8900500E0AA15 /* UIKit.framework */,
				C0E651E118F8900500E0AA15 /* XCTest.framework */,
			);
			name = Frameworks;
			sourceTree = "<group>";
		};
		C0E651C818F8900500E0AA15 /* RGBColorSliderExample */ = {
			isa = PBXGroup;
			children = (
				C0E651D118F8900500E0AA15 /* RGBEXAppDelegate.h */,
				C0E651D218F8900500E0AA15 /* RGBEXAppDelegate.m */,
				C0E651D418F8900500E0AA15 /* Main.storyboard */,
				C0E651D718F8900500E0AA15 /* RGBEXViewController.h */,
				C0E651D818F8900500E0AA15 /* RGBEXViewController.m */,
				C0E651F918F8920200E0AA15 /* Classes */,
				C0E651DA18F8900500E0AA15 /* Images.xcassets */,
				C0E651C918F8900500E0AA15 /* Supporting Files */,
			);
			path = RGBColorSliderExample;
			sourceTree = "<group>";
		};
		C0E651C918F8900500E0AA15 /* Supporting Files */ = {
			isa = PBXGroup;
			children = (
				C0E651CA18F8900500E0AA15 /* RGBColorSliderExample-Info.plist */,
				C0E651CB18F8900500E0AA15 /* InfoPlist.strings */,
				C0E651CE18F8900500E0AA15 /* main.m */,
				C0E651D018F8900500E0AA15 /* RGBColorSliderExample-Prefix.pch */,
			);
			name = "Supporting Files";
			sourceTree = "<group>";
		};
		C0E651E718F8900500E0AA15 /* RGBColorSliderExampleTests */ = {
			isa = PBXGroup;
			children = (
				C0E651ED18F8900500E0AA15 /* RGBColorSliderExampleTests.m */,
				C0E651E818F8900500E0AA15 /* Supporting Files */,
			);
			path = RGBColorSliderExampleTests;
			sourceTree = "<group>";
		};
		C0E651E818F8900500E0AA15 /* Supporting Files */ = {
			isa = PBXGroup;
			children = (
				C0E651E918F8900500E0AA15 /* RGBColorSliderExampleTests-Info.plist */,
				C0E651EA18F8900500E0AA15 /* InfoPlist.strings */,
			);
			name = "Supporting Files";
			sourceTree = "<group>";
		};
		C0E651F918F8920200E0AA15 /* Classes */ = {
			isa = PBXGroup;
			children = (
				C0E651FA18F8920200E0AA15 /* RGBColorSlider.h */,
				C0E651FB18F8920200E0AA15 /* RGBColorSlider.m */,
				C0E651FC18F8920200E0AA15 /* RGBColorSliderDelegate.h */,
				C0E651FD18F8920200E0AA15 /* RGBColorSliderDelegate.m */,
			);
			name = Classes;
			path = ../../../Classes;
			sourceTree = "<group>";
		};
/* End PBXGroup section */

/* Begin PBXNativeTarget section */
		C0E651BE18F8900500E0AA15 /* RGBColorSliderExample */ = {
			isa = PBXNativeTarget;
			buildConfigurationList = C0E651F118F8900500E0AA15 /* Build configuration list for PBXNativeTarget "RGBColorSliderExample" */;
			buildPhases = (
				C0E651BB18F8900500E0AA15 /* Sources */,
				C0E651BC18F8900500E0AA15 /* Frameworks */,
				C0E651BD18F8900500E0AA15 /* Resources */,
			);
			buildRules = (
			);
			dependencies = (
			);
			name = RGBColorSliderExample;
			productName = RGBColorSliderExample;
			productReference = C0E651BF18F8900500E0AA15 /* RGBColorSliderExample.app */;
			productType = "com.apple.product-type.application";
		};
		C0E651DF18F8900500E0AA15 /* RGBColorSliderExampleTests */ = {
			isa = PBXNativeTarget;
			buildConfigurationList = C0E651F418F8900500E0AA15 /* Build configuration list for PBXNativeTarget "RGBColorSliderExampleTests" */;
			buildPhases = (
				C0E651DC18F8900500E0AA15 /* Sources */,
				C0E651DD18F8900500E0AA15 /* Frameworks */,
				C0E651DE18F8900500E0AA15 /* Resources */,
			);
			buildRules = (
			);
			dependencies = (
				C0E651E618F8900500E0AA15 /* PBXTargetDependency */,
			);
			name = RGBColorSliderExampleTests;
			productName = RGBColorSliderExampleTests;
			productReference = C0E651E018F8900500E0AA15 /* RGBColorSliderExampleTests.xctest */;
			productType = "com.apple.product-type.bundle.unit-test";
		};
/* End PBXNativeTarget section */

/* Begin PBXProject section */
		C0E651B718F8900500E0AA15 /* Project object */ = {
			isa = PBXProject;
			attributes = {
				CLASSPREFIX = RGBEX;
				LastUpgradeCheck = 0510;
				ORGANIZATIONNAME = "Eric Appel";
				TargetAttributes = {
					C0E651DF18F8900500E0AA15 = {
						TestTargetID = C0E651BE18F8900500E0AA15;
					};
				};
			};
			buildConfigurationList = C0E651BA18F8900500E0AA15 /* Build configuration list for PBXProject "RGBColorSliderExample" */;
			compatibilityVersion = "Xcode 3.2";
			developmentRegion = English;
			hasScannedForEncodings = 0;
			knownRegions = (
				en,
				Base,
			);
			mainGroup = C0E651B618F8900500E0AA15;
			productRefGroup = C0E651C018F8900500E0AA15 /* Products */;
			projectDirPath = "";
			projectRoot = "";
			targets = (
				C0E651BE18F8900500E0AA15 /* RGBColorSliderExample */,
				C0E651DF18F8900500E0AA15 /* RGBColorSliderExampleTests */,
			);
		};
/* End PBXProject section */

/* Begin PBXResourcesBuildPhase section */
		C0E651BD18F8900500E0AA15 /* Resources */ = {
			isa = PBXResourcesBuildPhase;
			buildActionMask = 2147483647;
			files = (
				C0E651DB18F8900500E0AA15 /* Images.xcassets in Resources */,
				C0E651CD18F8900500E0AA15 /* InfoPlist.strings in Resources */,
				C0E651D618F8900500E0AA15 /* Main.storyboard in Resources */,
			);
			runOnlyForDeploymentPostprocessing = 0;
		};
		C0E651DE18F8900500E0AA15 /* Resources */ = {
			isa = PBXResourcesBuildPhase;
			buildActionMask = 2147483647;
			files = (
				C0E651EC18F8900500E0AA15 /* InfoPlist.strings in Resources */,
			);
			runOnlyForDeploymentPostprocessing = 0;
		};
/* End PBXResourcesBuildPhase section */

/* Begin PBXSourcesBuildPhase section */
		C0E651BB18F8900500E0AA15 /* Sources */ = {
			isa = PBXSourcesBuildPhase;
			buildActionMask = 2147483647;
			files = (
				C0E651FE18F8920200E0AA15 /* RGBColorSlider.m in Sources */,
				C0E651CF18F8900500E0AA15 /* main.m in Sources */,
				C0E651D918F8900500E0AA15 /* RGBEXViewController.m in Sources */,
				C0E651FF18F8920200E0AA15 /* RGBColorSliderDelegate.m in Sources */,
				C0E651D318F8900500E0AA15 /* RGBEXAppDelegate.m in Sources */,
			);
			runOnlyForDeploymentPostprocessing = 0;
		};
		C0E651DC18F8900500E0AA15 /* Sources */ = {
			isa = PBXSourcesBuildPhase;
			buildActionMask = 2147483647;
			files = (
				C0E651EE18F8900500E0AA15 /* RGBColorSliderExampleTests.m in Sources */,
			);
			runOnlyForDeploymentPostprocessing = 0;
		};
/* End PBXSourcesBuildPhase section */

/* Begin PBXTargetDependency section */
		C0E651E618F8900500E0AA15 /* PBXTargetDependency */ = {
			isa = PBXTargetDependency;
			target = C0E651BE18F8900500E0AA15 /* RGBColorSliderExample */;
			targetProxy = C0E651E518F8900500E0AA15 /* PBXContainerItemProxy */;
		};
/* End PBXTargetDependency section */

/* Begin PBXVariantGroup section */
		C0E651CB18F8900500E0AA15 /* InfoPlist.strings */ = {
			isa = PBXVariantGroup;
			children = (
				C0E651CC18F8900500E0AA15 /* en */,
			);
			name = InfoPlist.strings;
			sourceTree = "<group>";
		};
		C0E651D418F8900500E0AA15 /* Main.storyboard */ = {
			isa = PBXVariantGroup;
			children = (
				C0E651D518F8900500E0AA15 /* Base */,
			);
			name = Main.storyboard;
			sourceTree = "<group>";
		};
		C0E651EA18F8900500E0AA15 /* InfoPlist.strings */ = {
			isa = PBXVariantGroup;
			children = (
				C0E651EB18F8900500E0AA15 /* en */,
			);
			name = InfoPlist.strings;
			sourceTree = "<group>";
		};
/* End PBXVariantGroup section */

/* Begin XCBuildConfiguration section */
		C0E651EF18F8900500E0AA15 /* Debug */ = {
			isa = XCBuildConfiguration;
			buildSettings = {
				ALWAYS_SEARCH_USER_PATHS = NO;
				CLANG_CXX_LANGUAGE_STANDARD = "gnu++0x";
				CLANG_CXX_LIBRARY = "libc++";
				CLANG_ENABLE_MODULES = YES;
				CLANG_ENABLE_OBJC_ARC = YES;
				CLANG_WARN_BOOL_CONVERSION = YES;
				CLANG_WARN_CONSTANT_CONVERSION = YES;
				CLANG_WARN_DIRECT_OBJC_ISA_USAGE = YES_ERROR;
				CLANG_WARN_EMPTY_BODY = YES;
				CLANG_WARN_ENUM_CONVERSION = YES;
				CLANG_WARN_INT_CONVERSION = YES;
				CLANG_WARN_OBJC_ROOT_CLASS = YES_ERROR;
				CLANG_WARN__DUPLICATE_METHOD_MATCH = YES;
				"CODE_SIGN_IDENTITY[sdk=iphoneos*]" = "iPhone Developer";
				COPY_PHASE_STRIP = NO;
				GCC_C_LANGUAGE_STANDARD = gnu99;
				GCC_DYNAMIC_NO_PIC = NO;
				GCC_OPTIMIZATION_LEVEL = 0;
				GCC_PREPROCESSOR_DEFINITIONS = (
					"DEBUG=1",
					"$(inherited)",
				);
				GCC_SYMBOLS_PRIVATE_EXTERN = NO;
				GCC_WARN_64_TO_32_BIT_CONVERSION = YES;
				GCC_WARN_ABOUT_RETURN_TYPE = YES_ERROR;
				GCC_WARN_UNDECLARED_SELECTOR = YES;
				GCC_WARN_UNINITIALIZED_AUTOS = YES_AGGRESSIVE;
				GCC_WARN_UNUSED_FUNCTION = YES;
				GCC_WARN_UNUSED_VARIABLE = YES;
				IPHONEOS_DEPLOYMENT_TARGET = 7.1;
				ONLY_ACTIVE_ARCH = YES;
				SDKROOT = iphoneos;
			};
			name = Debug;
		};
		C0E651F018F8900500E0AA15 /* Release */ = {
			isa = XCBuildConfiguration;
			buildSettings = {
				ALWAYS_SEARCH_USER_PATHS = NO;
				CLANG_CXX_LANGUAGE_STANDARD = "gnu++0x";
				CLANG_CXX_LIBRARY = "libc++";
				CLANG_ENABLE_MODULES = YES;
				CLANG_ENABLE_OBJC_ARC = YES;
				CLANG_WARN_BOOL_CONVERSION = YES;
				CLANG_WARN_CONSTANT_CONVERSION = YES;
				CLANG_WARN_DIRECT_OBJC_ISA_USAGE = YES_ERROR;
				CLANG_WARN_EMPTY_BODY = YES;
				CLANG_WARN_ENUM_CONVERSION = YES;
				CLANG_WARN_INT_CONVERSION = YES;
				CLANG_WARN_OBJC_ROOT_CLASS = YES_ERROR;
				CLANG_WARN__DUPLICATE_METHOD_MATCH = YES;
				"CODE_SIGN_IDENTITY[sdk=iphoneos*]" = "iPhone Developer";
				COPY_PHASE_STRIP = YES;
				ENABLE_NS_ASSERTIONS = NO;
				GCC_C_LANGUAGE_STANDARD = gnu99;
				GCC_WARN_64_TO_32_BIT_CONVERSION = YES;
				GCC_WARN_ABOUT_RETURN_TYPE = YES_ERROR;
				GCC_WARN_UNDECLARED_SELECTOR = YES;
				GCC_WARN_UNINITIALIZED_AUTOS = YES_AGGRESSIVE;
				GCC_WARN_UNUSED_FUNCTION = YES;
				GCC_WARN_UNUSED_VARIABLE = YES;
				IPHONEOS_DEPLOYMENT_TARGET = 7.1;
				SDKROOT = iphoneos;
				VALIDATE_PRODUCT = YES;
			};
			name = Release;
		};
		C0E651F218F8900500E0AA15 /* Debug */ = {
			isa = XCBuildConfiguration;
			buildSettings = {
				ASSETCATALOG_COMPILER_APPICON_NAME = AppIcon;
				ASSETCATALOG_COMPILER_LAUNCHIMAGE_NAME = LaunchImage;
				GCC_PRECOMPILE_PREFIX_HEADER = YES;
				GCC_PREFIX_HEADER = "RGBColorSliderExample/RGBColorSliderExample-Prefix.pch";
				INFOPLIST_FILE = "RGBColorSliderExample/RGBColorSliderExample-Info.plist";
				PRODUCT_NAME = "$(TARGET_NAME)";
				WRAPPER_EXTENSION = app;
			};
			name = Debug;
		};
		C0E651F318F8900500E0AA15 /* Release */ = {
			isa = XCBuildConfiguration;
			buildSettings = {
				ASSETCATALOG_COMPILER_APPICON_NAME = AppIcon;
				ASSETCATALOG_COMPILER_LAUNCHIMAGE_NAME = LaunchImage;
				GCC_PRECOMPILE_PREFIX_HEADER = YES;
				GCC_PREFIX_HEADER = "RGBColorSliderExample/RGBColorSliderExample-Prefix.pch";
				INFOPLIST_FILE = "RGBColorSliderExample/RGBColorSliderExample-Info.plist";
				PRODUCT_NAME = "$(TARGET_NAME)";
				WRAPPER_EXTENSION = app;
			};
			name = Release;
		};
		C0E651F518F8900500E0AA15 /* Debug */ = {
			isa = XCBuildConfiguration;
			buildSettings = {
				BUNDLE_LOADER = "$(BUILT_PRODUCTS_DIR)/RGBColorSliderExample.app/RGBColorSliderExample";
				FRAMEWORK_SEARCH_PATHS = (
					"$(SDKROOT)/Developer/Library/Frameworks",
					"$(inherited)",
					"$(DEVELOPER_FRAMEWORKS_DIR)",
				);
				GCC_PRECOMPILE_PREFIX_HEADER = YES;
				GCC_PREFIX_HEADER = "RGBColorSliderExample/RGBColorSliderExample-Prefix.pch";
				GCC_PREPROCESSOR_DEFINITIONS = (
					"DEBUG=1",
					"$(inherited)",
				);
				INFOPLIST_FILE = "RGBColorSliderExampleTests/RGBColorSliderExampleTests-Info.plist";
				PRODUCT_NAME = "$(TARGET_NAME)";
				TEST_HOST = "$(BUNDLE_LOADER)";
				WRAPPER_EXTENSION = xctest;
			};
			name = Debug;
		};
		C0E651F618F8900500E0AA15 /* Release */ = {
			isa = XCBuildConfiguration;
			buildSettings = {
				BUNDLE_LOADER = "$(BUILT_PRODUCTS_DIR)/RGBColorSliderExample.app/RGBColorSliderExample";
				FRAMEWORK_SEARCH_PATHS = (
					"$(SDKROOT)/Developer/Library/Frameworks",
					"$(inherited)",
					"$(DEVELOPER_FRAMEWORKS_DIR)",
				);
				GCC_PRECOMPILE_PREFIX_HEADER = YES;
				GCC_PREFIX_HEADER = "RGBColorSliderExample/RGBColorSliderExample-Prefix.pch";
				INFOPLIST_FILE = "RGBColorSliderExampleTests/RGBColorSliderExampleTests-Info.plist";
				PRODUCT_NAME = "$(TARGET_NAME)";
				TEST_HOST = "$(BUNDLE_LOADER)";
				WRAPPER_EXTENSION = xctest;
			};
			name = Release;
		};
/* End XCBuildConfiguration section */

/* Begin XCConfigurationList section */
		C0E651BA18F8900500E0AA15 /* Build configuration list for PBXProject "RGBColorSliderExample" */ = {
			isa = XCConfigurationList;
			buildConfigurations = (
				C0E651EF18F8900500E0AA15 /* Debug */,
				C0E651F018F8900500E0AA15 /* Release */,
			);
			defaultConfigurationIsVisible = 0;
			defaultConfigurationName = Release;
		};
		C0E651F118F8900500E0AA15 /* Build configuration list for PBXNativeTarget "RGBColorSliderExample" */ = {
			isa = XCConfigurationList;
			buildConfigurations = (
				C0E651F218F8900500E0AA15 /* Debug */,
				C0E651F318F8900500E0AA15 /* Release */,
			);
			defaultConfigurationIsVisible = 0;
		};
		C0E651F418F8900500E0AA15 /* Build configuration list for PBXNativeTarget "RGBColorSliderExampleTests" */ = {
			isa = XCConfigurationList;
			buildConfigurations = (
				C0E651F518F8900500E0AA15 /* Debug */,
				C0E651F618F8900500E0AA15 /* Release */,
			);
			defaultConfigurationIsVisible = 0;
		};
/* End XCConfigurationList section */
	};
	rootObject = C0E651B718F8900500E0AA15 /* Project object */;
}
