// !$*UTF8*$!
{
	archiveVersion = 1;
	classes = {
	};
	objectVersion = 46;
	objects = {

/* Begin PBXBuildFile section */
		EABA013018D47C39005A557E /* Foundation.framework in Frameworks */ = {isa = PBXBuildFile; fileRef = EABA012F18D47C39005A557E /* Foundation.framework */; };
		EABA013218D47C39005A557E /* CoreGraphics.framework in Frameworks */ = {isa = PBXBuildFile; fileRef = EABA013118D47C39005A557E /* CoreGraphics.framework */; };
		EABA013418D47C39005A557E /* UIKit.framework in Frameworks */ = {isa = PBXBuildFile; fileRef = EABA013318D47C39005A557E /* UIKit.framework */; };
		EABA013A18D47C39005A557E /* InfoPlist.strings in Resources */ = {isa = PBXBuildFile; fileRef = EABA013818D47C39005A557E /* InfoPlist.strings */; };
		EABA013C18D47C39005A557E /* main.m in Sources */ = {isa = PBXBuildFile; fileRef = EABA013B18D47C39005A557E /* main.m */; };
		EABA014018D47C39005A557E /* AppDelegate.m in Sources */ = {isa = PBXBuildFile; fileRef = EABA013F18D47C39005A557E /* AppDelegate.m */; };
		EABA014318D47C39005A557E /* Main.storyboard in Resources */ = {isa = PBXBuildFile; fileRef = EABA014118D47C39005A557E /* Main.storyboard */; };
		EABA014818D47C39005A557E /* Images.xcassets in Resources */ = {isa = PBXBuildFile; fileRef = EABA014718D47C39005A557E /* Images.xcassets */; };
		EABA016D18D47C7C005A557E /* Currency.m in Sources */ = {isa = PBXBuildFile; fileRef = EABA016A18D47C7C005A557E /* Currency.m */; };
		EABA016E18D47C7C005A557E /* Transaction.m in Sources */ = {isa = PBXBuildFile; fileRef = EABA016C18D47C7C005A557E /* Transaction.m */; };
/* End PBXBuildFile section */

/* Begin PBXFileReference section */
		EA7D989818D8455200C29C6B /* DZLCollectionOperators.h */ = {isa = PBXFileReference; fileEncoding = 4; lastKnownFileType = sourcecode.c.h; path = DZLCollectionOperators.h; sourceTree = "<group>"; };
		EABA012C18D47C39005A557E /* Example.app */ = {isa = PBXFileReference; explicitFileType = wrapper.application; includeInIndex = 0; path = Example.app; sourceTree = BUILT_PRODUCTS_DIR; };
		EABA012F18D47C39005A557E /* Foundation.framework */ = {isa = PBXFileReference; lastKnownFileType = wrapper.framework; name = Foundation.framework; path = System/Library/Frameworks/Foundation.framework; sourceTree = SDKROOT; };
		EABA013118D47C39005A557E /* CoreGraphics.framework */ = {isa = PBXFileReference; lastKnownFileType = wrapper.framework; name = CoreGraphics.framework; path = System/Library/Frameworks/CoreGraphics.framework; sourceTree = SDKROOT; };
		EABA013318D47C39005A557E /* UIKit.framework */ = {isa = PBXFileReference; lastKnownFileType = wrapper.framework; name = UIKit.framework; path = System/Library/Frameworks/UIKit.framework; sourceTree = SDKROOT; };
		EABA013718D47C39005A557E /* Example-Info.plist */ = {isa = PBXFileReference; lastKnownFileType = text.plist.xml; path = "Example-Info.plist"; sourceTree = "<group>"; };
		EABA013918D47C39005A557E /* en */ = {isa = PBXFileReference; lastKnownFileType = text.plist.strings; name = en; path = en.lproj/InfoPlist.strings; sourceTree = "<group>"; };
		EABA013B18D47C39005A557E /* main.m */ = {isa = PBXFileReference; lastKnownFileType = sourcecode.c.objc; path = main.m; sourceTree = "<group>"; };
		EABA013D18D47C39005A557E /* Example-Prefix.pch */ = {isa = PBXFileReference; lastKnownFileType = sourcecode.c.h; path = "Example-Prefix.pch"; sourceTree = "<group>"; };
		EABA013E18D47C39005A557E /* AppDelegate.h */ = {isa = PBXFileReference; lastKnownFileType = sourcecode.c.h; path = AppDelegate.h; sourceTree = "<group>"; };
		EABA013F18D47C39005A557E /* AppDelegate.m */ = {isa = PBXFileReference; lastKnownFileType = sourcecode.c.objc; path = AppDelegate.m; sourceTree = "<group>"; };
		EABA014218D47C39005A557E /* Base */ = {isa = PBXFileReference; lastKnownFileType = file.storyboard; name = Base; path = Base.lproj/Main.storyboard; sourceTree = "<group>"; };
		EABA014718D47C39005A557E /* Images.xcassets */ = {isa = PBXFileReference; lastKnownFileType = folder.assetcatalog; path = Images.xcassets; sourceTree = "<group>"; };
		EABA014E18D47C39005A557E /* XCTest.framework */ = {isa = PBXFileReference; lastKnownFileType = wrapper.framework; name = XCTest.framework; path = Library/Frameworks/XCTest.framework; sourceTree = DEVELOPER_DIR; };
		EABA016918D47C7C005A557E /* Currency.h */ = {isa = PBXFileReference; fileEncoding = 4; lastKnownFileType = sourcecode.c.h; path = Currency.h; sourceTree = "<group>"; };
		EABA016A18D47C7C005A557E /* Currency.m */ = {isa = PBXFileReference; fileEncoding = 4; lastKnownFileType = sourcecode.c.objc; path = Currency.m; sourceTree = "<group>"; };
		EABA016B18D47C7C005A557E /* Transaction.h */ = {isa = PBXFileReference; fileEncoding = 4; lastKnownFileType = sourcecode.c.h; path = Transaction.h; sourceTree = "<group>"; };
		EABA016C18D47C7C005A557E /* Transaction.m */ = {isa = PBXFileReference; fileEncoding = 4; lastKnownFileType = sourcecode.c.objc; path = Transaction.m; sourceTree = "<group>"; };
/* End PBXFileReference section */

/* Begin PBXFrameworksBuildPhase section */
		EABA012918D47C39005A557E /* Frameworks */ = {
			isa = PBXFrameworksBuildPhase;
			buildActionMask = 2147483647;
			files = (
				EABA013218D47C39005A557E /* CoreGraphics.framework in Frameworks */,
				EABA013418D47C39005A557E /* UIKit.framework in Frameworks */,
				EABA013018D47C39005A557E /* Foundation.framework in Frameworks */,
			);
			runOnlyForDeploymentPostprocessing = 0;
		};
/* End PBXFrameworksBuildPhase section */

/* Begin PBXGroup section */
		EA1B2DB218D843EA0055C93F /* DZLCollectionOperators */ = {
			isa = PBXGroup;
			children = (
				EA7D989818D8455200C29C6B /* DZLCollectionOperators.h */,
			);
			name = DZLCollectionOperators;
			path = ../DZLCollectionOperators;
			sourceTree = "<group>";
		};
		EABA012318D47C39005A557E = {
			isa = PBXGroup;
			children = (
				EA1B2DB218D843EA0055C93F /* DZLCollectionOperators */,
				EABA013518D47C39005A557E /* Example */,
				EABA012E18D47C39005A557E /* Frameworks */,
				EABA012D18D47C39005A557E /* Products */,
			);
			sourceTree = "<group>";
		};
		EABA012D18D47C39005A557E /* Products */ = {
			isa = PBXGroup;
			children = (
				EABA012C18D47C39005A557E /* Example.app */,
			);
			name = Products;
			sourceTree = "<group>";
		};
		EABA012E18D47C39005A557E /* Frameworks */ = {
			isa = PBXGroup;
			children = (
				EABA012F18D47C39005A557E /* Foundation.framework */,
				EABA013118D47C39005A557E /* CoreGraphics.framework */,
				EABA013318D47C39005A557E /* UIKit.framework */,
				EABA014E18D47C39005A557E /* XCTest.framework */,
			);
			name = Frameworks;
			sourceTree = "<group>";
		};
		EABA013518D47C39005A557E /* Example */ = {
			isa = PBXGroup;
			children = (
				EABA016818D47C7C005A557E /* Model */,
				EABA013E18D47C39005A557E /* AppDelegate.h */,
				EABA013F18D47C39005A557E /* AppDelegate.m */,
				EABA014118D47C39005A557E /* Main.storyboard */,
				EABA014718D47C39005A557E /* Images.xcassets */,
				EABA013618D47C39005A557E /* Supporting Files */,
			);
			path = Example;
			sourceTree = "<group>";
		};
		EABA013618D47C39005A557E /* Supporting Files */ = {
			isa = PBXGroup;
			children = (
				EABA013718D47C39005A557E /* Example-Info.plist */,
				EABA013818D47C39005A557E /* InfoPlist.strings */,
				EABA013B18D47C39005A557E /* main.m */,
				EABA013D18D47C39005A557E /* Example-Prefix.pch */,
			);
			name = "Supporting Files";
			sourceTree = "<group>";
		};
		EABA016818D47C7C005A557E /* Model */ = {
			isa = PBXGroup;
			children = (
				EABA016918D47C7C005A557E /* Currency.h */,
				EABA016A18D47C7C005A557E /* Currency.m */,
				EABA016B18D47C7C005A557E /* Transaction.h */,
				EABA016C18D47C7C005A557E /* Transaction.m */,
			);
			path = Model;
			sourceTree = "<group>";
		};
/* End PBXGroup section */

/* Begin PBXNativeTarget section */
		EABA012B18D47C39005A557E /* Example */ = {
			isa = PBXNativeTarget;
			buildConfigurationList = EABA015E18D47C39005A557E /* Build configuration list for PBXNativeTarget "Example" */;
			buildPhases = (
				EABA012818D47C39005A557E /* Sources */,
				EABA012918D47C39005A557E /* Frameworks */,
				EABA012A18D47C39005A557E /* Resources */,
			);
			buildRules = (
			);
			dependencies = (
			);
			name = Example;
			productName = DZLCollectionOperators;
			productReference = EABA012C18D47C39005A557E /* Example.app */;
			productType = "com.apple.product-type.application";
		};
/* End PBXNativeTarget section */

/* Begin PBXProject section */
		EABA012418D47C39005A557E /* Project object */ = {
			isa = PBXProject;
			attributes = {
				LastUpgradeCheck = 0510;
				ORGANIZATIONNAME = "Sam Dods";
			};
			buildConfigurationList = EABA012718D47C39005A557E /* Build configuration list for PBXProject "Example" */;
			compatibilityVersion = "Xcode 3.2";
			developmentRegion = English;
			hasScannedForEncodings = 0;
			knownRegions = (
				en,
				Base,
			);
			mainGroup = EABA012318D47C39005A557E;
			productRefGroup = EABA012D18D47C39005A557E /* Products */;
			projectDirPath = "";
			projectRoot = "";
			targets = (
				EABA012B18D47C39005A557E /* Example */,
			);
		};
/* End PBXProject section */

/* Begin PBXResourcesBuildPhase section */
		EABA012A18D47C39005A557E /* Resources */ = {
			isa = PBXResourcesBuildPhase;
			buildActionMask = 2147483647;
			files = (
				EABA014818D47C39005A557E /* Images.xcassets in Resources */,
				EABA013A18D47C39005A557E /* InfoPlist.strings in Resources */,
				EABA014318D47C39005A557E /* Main.storyboard in Resources */,
			);
			runOnlyForDeploymentPostprocessing = 0;
		};
/* End PBXResourcesBuildPhase section */

/* Begin PBXSourcesBuildPhase section */
		EABA012818D47C39005A557E /* Sources */ = {
			isa = PBXSourcesBuildPhase;
			buildActionMask = 2147483647;
			files = (
				EABA016E18D47C7C005A557E /* Transaction.m in Sources */,
				EABA014018D47C39005A557E /* AppDelegate.m in Sources */,
				EABA013C18D47C39005A557E /* main.m in Sources */,
				EABA016D18D47C7C005A557E /* Currency.m in Sources */,
			);
			runOnlyForDeploymentPostprocessing = 0;
		};
/* End PBXSourcesBuildPhase section */

/* Begin PBXVariantGroup section */
		EABA013818D47C39005A557E /* InfoPlist.strings */ = {
			isa = PBXVariantGroup;
			children = (
				EABA013918D47C39005A557E /* en */,
			);
			name = InfoPlist.strings;
			sourceTree = "<group>";
		};
		EABA014118D47C39005A557E /* Main.storyboard */ = {
			isa = PBXVariantGroup;
			children = (
				EABA014218D47C39005A557E /* Base */,
			);
			name = Main.storyboard;
			sourceTree = "<group>";
		};
/* End PBXVariantGroup section */

/* Begin XCBuildConfiguration section */
		EABA015C18D47C39005A557E /* Debug */ = {
			isa = XCBuildConfiguration;
			buildSettings = {
				ALWAYS_SEARCH_USER_PATHS = NO;
				CLANG_CXX_LANGUAGE_STANDARD = "gnu++0x";
				CLANG_CXX_LIBRARY = "libc++";
				CLANG_ENABLE_MODULES = YES;
				CLANG_ENABLE_OBJC_ARC = YES;
				CLANG_WARN_BOOL_CONVERSION = YES;
				CLANG_WARN_CONSTANT_CONVERSION = YES;
				CLANG_WARN_DIRECT_OBJC_ISA_USAGE = YES_ERROR;
				CLANG_WARN_EMPTY_BODY = YES;
				CLANG_WARN_ENUM_CONVERSION = YES;
				CLANG_WARN_INT_CONVERSION = YES;
				CLANG_WARN_OBJC_ROOT_CLASS = YES_ERROR;
				CLANG_WARN__DUPLICATE_METHOD_MATCH = YES;
				"CODE_SIGN_IDENTITY[sdk=iphoneos*]" = "iPhone Developer";
				COPY_PHASE_STRIP = NO;
				GCC_C_LANGUAGE_STANDARD = gnu99;
				GCC_DYNAMIC_NO_PIC = NO;
				GCC_OPTIMIZATION_LEVEL = 0;
				GCC_PREPROCESSOR_DEFINITIONS = (
					"DEBUG=1",
					"$(inherited)",
				);
				GCC_SYMBOLS_PRIVATE_EXTERN = NO;
				GCC_WARN_64_TO_32_BIT_CONVERSION = YES;
				GCC_WARN_ABOUT_RETURN_TYPE = YES_ERROR;
				GCC_WARN_UNDECLARED_SELECTOR = YES;
				GCC_WARN_UNINITIALIZED_AUTOS = YES_AGGRESSIVE;
				GCC_WARN_UNUSED_FUNCTION = YES;
				GCC_WARN_UNUSED_VARIABLE = YES;
				IPHONEOS_DEPLOYMENT_TARGET = 7.1;
				ONLY_ACTIVE_ARCH = YES;
				SDKROOT = iphoneos;
			};
			name = Debug;
		};
		EABA015D18D47C39005A557E /* Release */ = {
			isa = XCBuildConfiguration;
			buildSettings = {
				ALWAYS_SEARCH_USER_PATHS = NO;
				CLANG_CXX_LANGUAGE_STANDARD = "gnu++0x";
				CLANG_CXX_LIBRARY = "libc++";
				CLANG_ENABLE_MODULES = YES;
				CLANG_ENABLE_OBJC_ARC = YES;
				CLANG_WARN_BOOL_CONVERSION = YES;
				CLANG_WARN_CONSTANT_CONVERSION = YES;
				CLANG_WARN_DIRECT_OBJC_ISA_USAGE = YES_ERROR;
				CLANG_WARN_EMPTY_BODY = YES;
				CLANG_WARN_ENUM_CONVERSION = YES;
				CLANG_WARN_INT_CONVERSION = YES;
				CLANG_WARN_OBJC_ROOT_CLASS = YES_ERROR;
				CLANG_WARN__DUPLICATE_METHOD_MATCH = YES;
				"CODE_SIGN_IDENTITY[sdk=iphoneos*]" = "iPhone Developer";
				COPY_PHASE_STRIP = YES;
				ENABLE_NS_ASSERTIONS = NO;
				GCC_C_LANGUAGE_STANDARD = gnu99;
				GCC_WARN_64_TO_32_BIT_CONVERSION = YES;
				GCC_WARN_ABOUT_RETURN_TYPE = YES_ERROR;
				GCC_WARN_UNDECLARED_SELECTOR = YES;
				GCC_WARN_UNINITIALIZED_AUTOS = YES_AGGRESSIVE;
				GCC_WARN_UNUSED_FUNCTION = YES;
				GCC_WARN_UNUSED_VARIABLE = YES;
				IPHONEOS_DEPLOYMENT_TARGET = 7.1;
				SDKROOT = iphoneos;
				VALIDATE_PRODUCT = YES;
			};
			name = Release;
		};
		EABA015F18D47C39005A557E /* Debug */ = {
			isa = XCBuildConfiguration;
			buildSettings = {
				ASSETCATALOG_COMPILER_APPICON_NAME = AppIcon;
				ASSETCATALOG_COMPILER_LAUNCHIMAGE_NAME = LaunchImage;
				GCC_PRECOMPILE_PREFIX_HEADER = YES;
				GCC_PREFIX_HEADER = "Example/Example-Prefix.pch";
				INFOPLIST_FILE = "$(SRCROOT)/Example/Example-Info.plist";
				IPHONEOS_DEPLOYMENT_TARGET = 6.0;
				PRODUCT_NAME = Example;
				WRAPPER_EXTENSION = app;
			};
			name = Debug;
		};
		EABA016018D47C39005A557E /* Release */ = {
			isa = XCBuildConfiguration;
			buildSettings = {
				ASSETCATALOG_COMPILER_APPICON_NAME = AppIcon;
				ASSETCATALOG_COMPILER_LAUNCHIMAGE_NAME = LaunchImage;
				GCC_PRECOMPILE_PREFIX_HEADER = YES;
				GCC_PREFIX_HEADER = "Example/Example-Prefix.pch";
				INFOPLIST_FILE = "$(SRCROOT)/Example/Example-Info.plist";
				IPHONEOS_DEPLOYMENT_TARGET = 6.0;
				PRODUCT_NAME = Example;
				WRAPPER_EXTENSION = app;
			};
			name = Release;
		};
/* End XCBuildConfiguration section */

/* Begin XCConfigurationList section */
		EABA012718D47C39005A557E /* Build configuration list for PBXProject "Example" */ = {
			isa = XCConfigurationList;
			buildConfigurations = (
				EABA015C18D47C39005A557E /* Debug */,
				EABA015D18D47C39005A557E /* Release */,
			);
			defaultConfigurationIsVisible = 0;
			defaultConfigurationName = Release;
		};
		EABA015E18D47C39005A557E /* Build configuration list for PBXNativeTarget "Example" */ = {
			isa = XCConfigurationList;
			buildConfigurations = (
				EABA015F18D47C39005A557E /* Debug */,
				EABA016018D47C39005A557E /* Release */,
			);
			defaultConfigurationIsVisible = 0;
			defaultConfigurationName = Release;
		};
/* End XCConfigurationList section */
	};
	rootObject = EABA012418D47C39005A557E /* Project object */;
}
