// !$*UTF8*$!
{
	archiveVersion = 1;
	classes = {
	};
	objectVersion = 46;
	objects = {

/* Begin PBXBuildFile section */
		48F7846C1AB2CF7D00FAD274 /* main.m in Sources */ = {isa = PBXBuildFile; fileRef = 48F7846B1AB2CF7D00FAD274 /* main.m */; };
		48F7846F1AB2CF7D00FAD274 /* AppDelegate.m in Sources */ = {isa = PBXBuildFile; fileRef = 48F7846E1AB2CF7D00FAD274 /* AppDelegate.m */; };
		48F784721AB2CF7D00FAD274 /* ViewController.m in Sources */ = {isa = PBXBuildFile; fileRef = 48F784711AB2CF7D00FAD274 /* ViewController.m */; };
		48F784751AB2CF7D00FAD274 /* Main.storyboard in Resources */ = {isa = PBXBuildFile; fileRef = 48F784731AB2CF7D00FAD274 /* Main.storyboard */; };
		48F784771AB2CF7D00FAD274 /* Images.xcassets in Resources */ = {isa = PBXBuildFile; fileRef = 48F784761AB2CF7D00FAD274 /* Images.xcassets */; };
		48F7847A1AB2CF7D00FAD274 /* LaunchScreen.xib in Resources */ = {isa = PBXBuildFile; fileRef = 48F784781AB2CF7D00FAD274 /* LaunchScreen.xib */; };
		48F784861AB2CF7D00FAD274 /* ZLTestCoocapodTests.m in Sources */ = {isa = PBXBuildFile; fileRef = 48F784851AB2CF7D00FAD274 /* ZLTestCoocapodTests.m */; };
/* End PBXBuildFile section */

/* Begin PBXContainerItemProxy section */
		48F784801AB2CF7D00FAD274 /* PBXContainerItemProxy */ = {
			isa = PBXContainerItemProxy;
			containerPortal = 48F7845E1AB2CF7D00FAD274 /* Project object */;
			proxyType = 1;
			remoteGlobalIDString = 48F784651AB2CF7D00FAD274;
			remoteInfo = ZLTestCoocapod;
		};
/* End PBXContainerItemProxy section */

/* Begin PBXFileReference section */
		48F784661AB2CF7D00FAD274 /* ZLTestCoocapod.app */ = {isa = PBXFileReference; explicitFileType = wrapper.application; includeInIndex = 0; path = ZLTestCoocapod.app; sourceTree = BUILT_PRODUCTS_DIR; };
		48F7846A1AB2CF7D00FAD274 /* Info.plist */ = {isa = PBXFileReference; lastKnownFileType = text.plist.xml; path = Info.plist; sourceTree = "<group>"; };
		48F7846B1AB2CF7D00FAD274 /* main.m */ = {isa = PBXFileReference; lastKnownFileType = sourcecode.c.objc; path = main.m; sourceTree = "<group>"; };
		48F7846D1AB2CF7D00FAD274 /* AppDelegate.h */ = {isa = PBXFileReference; lastKnownFileType = sourcecode.c.h; path = AppDelegate.h; sourceTree = "<group>"; };
		48F7846E1AB2CF7D00FAD274 /* AppDelegate.m */ = {isa = PBXFileReference; lastKnownFileType = sourcecode.c.objc; path = AppDelegate.m; sourceTree = "<group>"; };
		48F784701AB2CF7D00FAD274 /* ViewController.h */ = {isa = PBXFileReference; lastKnownFileType = sourcecode.c.h; path = ViewController.h; sourceTree = "<group>"; };
		48F784711AB2CF7D00FAD274 /* ViewController.m */ = {isa = PBXFileReference; lastKnownFileType = sourcecode.c.objc; path = ViewController.m; sourceTree = "<group>"; };
		48F784741AB2CF7D00FAD274 /* Base */ = {isa = PBXFileReference; lastKnownFileType = file.storyboard; name = Base; path = Base.lproj/Main.storyboard; sourceTree = "<group>"; };
		48F784761AB2CF7D00FAD274 /* Images.xcassets */ = {isa = PBXFileReference; lastKnownFileType = folder.assetcatalog; path = Images.xcassets; sourceTree = "<group>"; };
		48F784791AB2CF7D00FAD274 /* Base */ = {isa = PBXFileReference; lastKnownFileType = file.xib; name = Base; path = Base.lproj/LaunchScreen.xib; sourceTree = "<group>"; };
		48F7847F1AB2CF7D00FAD274 /* ZLTestCoocapodTests.xctest */ = {isa = PBXFileReference; explicitFileType = wrapper.cfbundle; includeInIndex = 0; path = ZLTestCoocapodTests.xctest; sourceTree = BUILT_PRODUCTS_DIR; };
		48F784841AB2CF7D00FAD274 /* Info.plist */ = {isa = PBXFileReference; lastKnownFileType = text.plist.xml; path = Info.plist; sourceTree = "<group>"; };
		48F784851AB2CF7D00FAD274 /* ZLTestCoocapodTests.m */ = {isa = PBXFileReference; lastKnownFileType = sourcecode.c.objc; path = ZLTestCoocapodTests.m; sourceTree = "<group>"; };
/* End PBXFileReference section */

/* Begin PBXFrameworksBuildPhase section */
		48F784631AB2CF7D00FAD274 /* Frameworks */ = {
			isa = PBXFrameworksBuildPhase;
			buildActionMask = 2147483647;
			files = (
			);
			runOnlyForDeploymentPostprocessing = 0;
		};
		48F7847C1AB2CF7D00FAD274 /* Frameworks */ = {
			isa = PBXFrameworksBuildPhase;
			buildActionMask = 2147483647;
			files = (
			);
			runOnlyForDeploymentPostprocessing = 0;
		};
/* End PBXFrameworksBuildPhase section */

/* Begin PBXGroup section */
		48F7845D1AB2CF7D00FAD274 = {
			isa = PBXGroup;
			children = (
				48F784681AB2CF7D00FAD274 /* ZLTestCoocapod */,
				48F784821AB2CF7D00FAD274 /* ZLTestCoocapodTests */,
				48F784671AB2CF7D00FAD274 /* Products */,
			);
			sourceTree = "<group>";
		};
		48F784671AB2CF7D00FAD274 /* Products */ = {
			isa = PBXGroup;
			children = (
				48F784661AB2CF7D00FAD274 /* ZLTestCoocapod.app */,
				48F7847F1AB2CF7D00FAD274 /* ZLTestCoocapodTests.xctest */,
			);
			name = Products;
			sourceTree = "<group>";
		};
		48F784681AB2CF7D00FAD274 /* ZLTestCoocapod */ = {
			isa = PBXGroup;
			children = (
				48F7846D1AB2CF7D00FAD274 /* AppDelegate.h */,
				48F7846E1AB2CF7D00FAD274 /* AppDelegate.m */,
				48F784701AB2CF7D00FAD274 /* ViewController.h */,
				48F784711AB2CF7D00FAD274 /* ViewController.m */,
				48F784731AB2CF7D00FAD274 /* Main.storyboard */,
				48F784761AB2CF7D00FAD274 /* Images.xcassets */,
				48F784781AB2CF7D00FAD274 /* LaunchScreen.xib */,
				48F784691AB2CF7D00FAD274 /* Supporting Files */,
			);
			path = ZLTestCoocapod;
			sourceTree = "<group>";
		};
		48F784691AB2CF7D00FAD274 /* Supporting Files */ = {
			isa = PBXGroup;
			children = (
				48F7846A1AB2CF7D00FAD274 /* Info.plist */,
				48F7846B1AB2CF7D00FAD274 /* main.m */,
			);
			name = "Supporting Files";
			sourceTree = "<group>";
		};
		48F784821AB2CF7D00FAD274 /* ZLTestCoocapodTests */ = {
			isa = PBXGroup;
			children = (
				48F784851AB2CF7D00FAD274 /* ZLTestCoocapodTests.m */,
				48F784831AB2CF7D00FAD274 /* Supporting Files */,
			);
			path = ZLTestCoocapodTests;
			sourceTree = "<group>";
		};
		48F784831AB2CF7D00FAD274 /* Supporting Files */ = {
			isa = PBXGroup;
			children = (
				48F784841AB2CF7D00FAD274 /* Info.plist */,
			);
			name = "Supporting Files";
			sourceTree = "<group>";
		};
/* End PBXGroup section */

/* Begin PBXNativeTarget section */
		48F784651AB2CF7D00FAD274 /* ZLTestCoocapod */ = {
			isa = PBXNativeTarget;
			buildConfigurationList = 48F784891AB2CF7D00FAD274 /* Build configuration list for PBXNativeTarget "ZLTestCoocapod" */;
			buildPhases = (
				48F784621AB2CF7D00FAD274 /* Sources */,
				48F784631AB2CF7D00FAD274 /* Frameworks */,
				48F784641AB2CF7D00FAD274 /* Resources */,
			);
			buildRules = (
			);
			dependencies = (
			);
			name = ZLTestCoocapod;
			productName = ZLTestCoocapod;
			productReference = 48F784661AB2CF7D00FAD274 /* ZLTestCoocapod.app */;
			productType = "com.apple.product-type.application";
		};
		48F7847E1AB2CF7D00FAD274 /* ZLTestCoocapodTests */ = {
			isa = PBXNativeTarget;
			buildConfigurationList = 48F7848C1AB2CF7D00FAD274 /* Build configuration list for PBXNativeTarget "ZLTestCoocapodTests" */;
			buildPhases = (
				48F7847B1AB2CF7D00FAD274 /* Sources */,
				48F7847C1AB2CF7D00FAD274 /* Frameworks */,
				48F7847D1AB2CF7D00FAD274 /* Resources */,
			);
			buildRules = (
			);
			dependencies = (
				48F784811AB2CF7D00FAD274 /* PBXTargetDependency */,
			);
			name = ZLTestCoocapodTests;
			productName = ZLTestCoocapodTests;
			productReference = 48F7847F1AB2CF7D00FAD274 /* ZLTestCoocapodTests.xctest */;
			productType = "com.apple.product-type.bundle.unit-test";
		};
/* End PBXNativeTarget section */

/* Begin PBXProject section */
		48F7845E1AB2CF7D00FAD274 /* Project object */ = {
			isa = PBXProject;
			attributes = {
				LastUpgradeCheck = 0610;
				ORGANIZATIONNAME = com.zixue101.www;
				TargetAttributes = {
					48F784651AB2CF7D00FAD274 = {
						CreatedOnToolsVersion = 6.1;
					};
					48F7847E1AB2CF7D00FAD274 = {
						CreatedOnToolsVersion = 6.1;
						TestTargetID = 48F784651AB2CF7D00FAD274;
					};
				};
			};
			buildConfigurationList = 48F784611AB2CF7D00FAD274 /* Build configuration list for PBXProject "ZLTestCoocapod" */;
			compatibilityVersion = "Xcode 3.2";
			developmentRegion = English;
			hasScannedForEncodings = 0;
			knownRegions = (
				en,
				Base,
			);
			mainGroup = 48F7845D1AB2CF7D00FAD274;
			productRefGroup = 48F784671AB2CF7D00FAD274 /* Products */;
			projectDirPath = "";
			projectRoot = "";
			targets = (
				48F784651AB2CF7D00FAD274 /* ZLTestCoocapod */,
				48F7847E1AB2CF7D00FAD274 /* ZLTestCoocapodTests */,
			);
		};
/* End PBXProject section */

/* Begin PBXResourcesBuildPhase section */
		48F784641AB2CF7D00FAD274 /* Resources */ = {
			isa = PBXResourcesBuildPhase;
			buildActionMask = 2147483647;
			files = (
				48F784751AB2CF7D00FAD274 /* Main.storyboard in Resources */,
				48F7847A1AB2CF7D00FAD274 /* LaunchScreen.xib in Resources */,
				48F784771AB2CF7D00FAD274 /* Images.xcassets in Resources */,
			);
			runOnlyForDeploymentPostprocessing = 0;
		};
		48F7847D1AB2CF7D00FAD274 /* Resources */ = {
			isa = PBXResourcesBuildPhase;
			buildActionMask = 2147483647;
			files = (
			);
			runOnlyForDeploymentPostprocessing = 0;
		};
/* End PBXResourcesBuildPhase section */

/* Begin PBXSourcesBuildPhase section */
		48F784621AB2CF7D00FAD274 /* Sources */ = {
			isa = PBXSourcesBuildPhase;
			buildActionMask = 2147483647;
			files = (
				48F784721AB2CF7D00FAD274 /* ViewController.m in Sources */,
				48F7846F1AB2CF7D00FAD274 /* AppDelegate.m in Sources */,
				48F7846C1AB2CF7D00FAD274 /* main.m in Sources */,
			);
			runOnlyForDeploymentPostprocessing = 0;
		};
		48F7847B1AB2CF7D00FAD274 /* Sources */ = {
			isa = PBXSourcesBuildPhase;
			buildActionMask = 2147483647;
			files = (
				48F784861AB2CF7D00FAD274 /* ZLTestCoocapodTests.m in Sources */,
			);
			runOnlyForDeploymentPostprocessing = 0;
		};
/* End PBXSourcesBuildPhase section */

/* Begin PBXTargetDependency section */
		48F784811AB2CF7D00FAD274 /* PBXTargetDependency */ = {
			isa = PBXTargetDependency;
			target = 48F784651AB2CF7D00FAD274 /* ZLTestCoocapod */;
			targetProxy = 48F784801AB2CF7D00FAD274 /* PBXContainerItemProxy */;
		};
/* End PBXTargetDependency section */

/* Begin PBXVariantGroup section */
		48F784731AB2CF7D00FAD274 /* Main.storyboard */ = {
			isa = PBXVariantGroup;
			children = (
				48F784741AB2CF7D00FAD274 /* Base */,
			);
			name = Main.storyboard;
			sourceTree = "<group>";
		};
		48F784781AB2CF7D00FAD274 /* LaunchScreen.xib */ = {
			isa = PBXVariantGroup;
			children = (
				48F784791AB2CF7D00FAD274 /* Base */,
			);
			name = LaunchScreen.xib;
			sourceTree = "<group>";
		};
/* End PBXVariantGroup section */

/* Begin XCBuildConfiguration section */
		48F784871AB2CF7D00FAD274 /* Debug */ = {
			isa = XCBuildConfiguration;
			buildSettings = {
				ALWAYS_SEARCH_USER_PATHS = NO;
				CLANG_CXX_LANGUAGE_STANDARD = "gnu++0x";
				CLANG_CXX_LIBRARY = "libc++";
				CLANG_ENABLE_MODULES = YES;
				CLANG_ENABLE_OBJC_ARC = YES;
				CLANG_WARN_BOOL_CONVERSION = YES;
				CLANG_WARN_CONSTANT_CONVERSION = YES;
				CLANG_WARN_DIRECT_OBJC_ISA_USAGE = YES_ERROR;
				CLANG_WARN_EMPTY_BODY = YES;
				CLANG_WARN_ENUM_CONVERSION = YES;
				CLANG_WARN_INT_CONVERSION = YES;
				CLANG_WARN_OBJC_ROOT_CLASS = YES_ERROR;
				CLANG_WARN_UNREACHABLE_CODE = YES;
				CLANG_WARN__DUPLICATE_METHOD_MATCH = YES;
				"CODE_SIGN_IDENTITY[sdk=iphoneos*]" = "iPhone Developer";
				COPY_PHASE_STRIP = NO;
				ENABLE_STRICT_OBJC_MSGSEND = YES;
				GCC_C_LANGUAGE_STANDARD = gnu99;
				GCC_DYNAMIC_NO_PIC = NO;
				GCC_OPTIMIZATION_LEVEL = 0;
				GCC_PREPROCESSOR_DEFINITIONS = (
					"DEBUG=1",
					"$(inherited)",
				);
				GCC_SYMBOLS_PRIVATE_EXTERN = NO;
				GCC_WARN_64_TO_32_BIT_CONVERSION = YES;
				GCC_WARN_ABOUT_RETURN_TYPE = YES_ERROR;
				GCC_WARN_UNDECLARED_SELECTOR = YES;
				GCC_WARN_UNINITIALIZED_AUTOS = YES_AGGRESSIVE;
				GCC_WARN_UNUSED_FUNCTION = YES;
				GCC_WARN_UNUSED_VARIABLE = YES;
				IPHONEOS_DEPLOYMENT_TARGET = 8.1;
				MTL_ENABLE_DEBUG_INFO = YES;
				ONLY_ACTIVE_ARCH = YES;
				SDKROOT = iphoneos;
			};
			name = Debug;
		};
		48F784881AB2CF7D00FAD274 /* Release */ = {
			isa = XCBuildConfiguration;
			buildSettings = {
				ALWAYS_SEARCH_USER_PATHS = NO;
				CLANG_CXX_LANGUAGE_STANDARD = "gnu++0x";
				CLANG_CXX_LIBRARY = "libc++";
				CLANG_ENABLE_MODULES = YES;
				CLANG_ENABLE_OBJC_ARC = YES;
				CLANG_WARN_BOOL_CONVERSION = YES;
				CLANG_WARN_CONSTANT_CONVERSION = YES;
				CLANG_WARN_DIRECT_OBJC_ISA_USAGE = YES_ERROR;
				CLANG_WARN_EMPTY_BODY = YES;
				CLANG_WARN_ENUM_CONVERSION = YES;
				CLANG_WARN_INT_CONVERSION = YES;
				CLANG_WARN_OBJC_ROOT_CLASS = YES_ERROR;
				CLANG_WARN_UNREACHABLE_CODE = YES;
				CLANG_WARN__DUPLICATE_METHOD_MATCH = YES;
				"CODE_SIGN_IDENTITY[sdk=iphoneos*]" = "iPhone Developer";
				COPY_PHASE_STRIP = YES;
				ENABLE_NS_ASSERTIONS = NO;
				ENABLE_STRICT_OBJC_MSGSEND = YES;
				GCC_C_LANGUAGE_STANDARD = gnu99;
				GCC_WARN_64_TO_32_BIT_CONVERSION = YES;
				GCC_WARN_ABOUT_RETURN_TYPE = YES_ERROR;
				GCC_WARN_UNDECLARED_SELECTOR = YES;
				GCC_WARN_UNINITIALIZED_AUTOS = YES_AGGRESSIVE;
				GCC_WARN_UNUSED_FUNCTION = YES;
				GCC_WARN_UNUSED_VARIABLE = YES;
				IPHONEOS_DEPLOYMENT_TARGET = 8.1;
				MTL_ENABLE_DEBUG_INFO = NO;
				SDKROOT = iphoneos;
				VALIDATE_PRODUCT = YES;
			};
			name = Release;
		};
		48F7848A1AB2CF7D00FAD274 /* Debug */ = {
			isa = XCBuildConfiguration;
			buildSettings = {
				ASSETCATALOG_COMPILER_APPICON_NAME = AppIcon;
				INFOPLIST_FILE = ZLTestCoocapod/Info.plist;
				LD_RUNPATH_SEARCH_PATHS = "$(inherited) @executable_path/Frameworks";
				PRODUCT_NAME = "$(TARGET_NAME)";
			};
			name = Debug;
		};
		48F7848B1AB2CF7D00FAD274 /* Release */ = {
			isa = XCBuildConfiguration;
			buildSettings = {
				ASSETCATALOG_COMPILER_APPICON_NAME = AppIcon;
				INFOPLIST_FILE = ZLTestCoocapod/Info.plist;
				LD_RUNPATH_SEARCH_PATHS = "$(inherited) @executable_path/Frameworks";
				PRODUCT_NAME = "$(TARGET_NAME)";
			};
			name = Release;
		};
		48F7848D1AB2CF7D00FAD274 /* Debug */ = {
			isa = XCBuildConfiguration;
			buildSettings = {
				BUNDLE_LOADER = "$(TEST_HOST)";
				FRAMEWORK_SEARCH_PATHS = (
					"$(SDKROOT)/Developer/Library/Frameworks",
					"$(inherited)",
				);
				GCC_PREPROCESSOR_DEFINITIONS = (
					"DEBUG=1",
					"$(inherited)",
				);
				INFOPLIST_FILE = ZLTestCoocapodTests/Info.plist;
				LD_RUNPATH_SEARCH_PATHS = "$(inherited) @executable_path/Frameworks @loader_path/Frameworks";
				PRODUCT_NAME = "$(TARGET_NAME)";
				TEST_HOST = "$(BUILT_PRODUCTS_DIR)/ZLTestCoocapod.app/ZLTestCoocapod";
			};
			name = Debug;
		};
		48F7848E1AB2CF7D00FAD274 /* Release */ = {
			isa = XCBuildConfiguration;
			buildSettings = {
				BUNDLE_LOADER = "$(TEST_HOST)";
				FRAMEWORK_SEARCH_PATHS = (
					"$(SDKROOT)/Developer/Library/Frameworks",
					"$(inherited)",
				);
				INFOPLIST_FILE = ZLTestCoocapodTests/Info.plist;
				LD_RUNPATH_SEARCH_PATHS = "$(inherited) @executable_path/Frameworks @loader_path/Frameworks";
				PRODUCT_NAME = "$(TARGET_NAME)";
				TEST_HOST = "$(BUILT_PRODUCTS_DIR)/ZLTestCoocapod.app/ZLTestCoocapod";
			};
			name = Release;
		};
/* End XCBuildConfiguration section */

/* Begin XCConfigurationList section */
		48F784611AB2CF7D00FAD274 /* Build configuration list for PBXProject "ZLTestCoocapod" */ = {
			isa = XCConfigurationList;
			buildConfigurations = (
				48F784871AB2CF7D00FAD274 /* Debug */,
				48F784881AB2CF7D00FAD274 /* Release */,
			);
			defaultConfigurationIsVisible = 0;
			defaultConfigurationName = Release;
		};
		48F784891AB2CF7D00FAD274 /* Build configuration list for PBXNativeTarget "ZLTestCoocapod" */ = {
			isa = XCConfigurationList;
			buildConfigurations = (
				48F7848A1AB2CF7D00FAD274 /* Debug */,
				48F7848B1AB2CF7D00FAD274 /* Release */,
			);
			defaultConfigurationIsVisible = 0;
		};
		48F7848C1AB2CF7D00FAD274 /* Build configuration list for PBXNativeTarget "ZLTestCoocapodTests" */ = {
			isa = XCConfigurationList;
			buildConfigurations = (
				48F7848D1AB2CF7D00FAD274 /* Debug */,
				48F7848E1AB2CF7D00FAD274 /* Release */,
			);
			defaultConfigurationIsVisible = 0;
		};
/* End XCConfigurationList section */
	};
	rootObject = 48F7845E1AB2CF7D00FAD274 /* Project object */;
}
