PODS:
  - TDBWalkthrough (1.0.0)

DEPENDENCIES:
  - TDBWalkthrough (from `git@github.com:TitouanVanBelle/TDBWalkthrough.git`)

EXTERNAL SOURCES:
  TDBWalkthrough:
    :git: git@github.com:TitouanVanBelle/TDBWalkthrough.git

SPEC CHECKSUMS:
  TDBWalkthrough: 6569c14d5dfb672ed9bd8d401f3781332882ea2d

COCOAPODS: 0.32.1
